// !$*UTF8*$!
{
	archiveVersion = 1;
	classes = {
	};
	objectVersion = 46;
	objects = {

/* Begin PBXBuildFile section */
		A9D455B51C97E6E8001CACE3 /* CreateViewController.m in Sources */ = {isa = PBXBuildFile; fileRef = A9D455B41C97E6E8001CACE3 /* CreateViewController.m */; };
		A9D455B81C97E6F1001CACE3 /* DetailViewController.m in Sources */ = {isa = PBXBuildFile; fileRef = A9D455B71C97E6F1001CACE3 /* DetailViewController.m */; };
		A9D455C51C9830D8001CACE3 /* Classes in Resources */ = {isa = PBXBuildFile; fileRef = A9D455C41C9830D8001CACE3 /* Classes */; };
		A9D455E91C98314E001CACE3 /* NSMutableArray+JBStack.m in Sources */ = {isa = PBXBuildFile; fileRef = A9D455CB1C98314E001CACE3 /* NSMutableArray+JBStack.m */; };
		A9D455EA1C98314E001CACE3 /* JBBarChartView.m in Sources */ = {isa = PBXBuildFile; fileRef = A9D455CE1C98314E001CACE3 /* JBBarChartView.m */; };
		A9D455EB1C98314E001CACE3 /* JBGradientBarView.m in Sources */ = {isa = PBXBuildFile; fileRef = A9D455D11C98314E001CACE3 /* JBGradientBarView.m */; };
		A9D455EC1C98314E001CACE3 /* JBChartView.m in Sources */ = {isa = PBXBuildFile; fileRef = A9D455D41C98314E001CACE3 /* JBChartView.m */; };
		A9D455ED1C98314E001CACE3 /* JBLineChartView.m in Sources */ = {isa = PBXBuildFile; fileRef = A9D455D71C98314E001CACE3 /* JBLineChartView.m */; };
		A9D455EE1C98314E001CACE3 /* JBGradientLineLayer.m in Sources */ = {isa = PBXBuildFile; fileRef = A9D455DA1C98314E001CACE3 /* JBGradientLineLayer.m */; };
		A9D455EF1C98314E001CACE3 /* JBShapeLineLayer.m in Sources */ = {isa = PBXBuildFile; fileRef = A9D455DC1C98314E001CACE3 /* JBShapeLineLayer.m */; };
		A9D455F01C98314E001CACE3 /* JBLineChartLine.m in Sources */ = {isa = PBXBuildFile; fileRef = A9D455DF1C98314E001CACE3 /* JBLineChartLine.m */; };
		A9D455F11C98314E001CACE3 /* JBLineChartPoint.m in Sources */ = {isa = PBXBuildFile; fileRef = A9D455E11C98314E001CACE3 /* JBLineChartPoint.m */; };
		A9D455F21C98314E001CACE3 /* JBLineChartDotsView.m in Sources */ = {isa = PBXBuildFile; fileRef = A9D455E41C98314E001CACE3 /* JBLineChartDotsView.m */; };
		A9D455F31C98314E001CACE3 /* JBLineChartDotView.m in Sources */ = {isa = PBXBuildFile; fileRef = A9D455E61C98314E001CACE3 /* JBLineChartDotView.m */; };
		A9D455F41C98314E001CACE3 /* JBLineChartLinesView.m in Sources */ = {isa = PBXBuildFile; fileRef = A9D455E81C98314E001CACE3 /* JBLineChartLinesView.m */; };
		A9D455F61C984DF3001CACE3 /* fontawesome-webfont.ttf in Resources */ = {isa = PBXBuildFile; fileRef = A9D455F51C984DCB001CACE3 /* fontawesome-webfont.ttf */; };
		A9D455F81C993CA2001CACE3 /* AudioToolbox.framework in Frameworks */ = {isa = PBXBuildFile; fileRef = A9D455F71C993CA2001CACE3 /* AudioToolbox.framework */; };
		A9F0F0E81C97858E00EB492A /* main.m in Sources */ = {isa = PBXBuildFile; fileRef = A9F0F0E71C97858E00EB492A /* main.m */; };
		A9F0F0EB1C97858E00EB492A /* AppDelegate.m in Sources */ = {isa = PBXBuildFile; fileRef = A9F0F0EA1C97858E00EB492A /* AppDelegate.m */; };
		A9F0F0F11C97858F00EB492A /* Main.storyboard in Resources */ = {isa = PBXBuildFile; fileRef = A9F0F0EF1C97858F00EB492A /* Main.storyboard */; };
		A9F0F0F31C97858F00EB492A /* Assets.xcassets in Resources */ = {isa = PBXBuildFile; fileRef = A9F0F0F21C97858F00EB492A /* Assets.xcassets */; };
		A9F0F0F61C97858F00EB492A /* LaunchScreen.storyboard in Resources */ = {isa = PBXBuildFile; fileRef = A9F0F0F41C97858F00EB492A /* LaunchScreen.storyboard */; };
		A9F0F1011C97858F00EB492A /* OnetrackTests.m in Sources */ = {isa = PBXBuildFile; fileRef = A9F0F1001C97858F00EB492A /* OnetrackTests.m */; };
		A9F0F10C1C97858F00EB492A /* OnetrackUITests.m in Sources */ = {isa = PBXBuildFile; fileRef = A9F0F10B1C97858F00EB492A /* OnetrackUITests.m */; };
		A9F0F11B1C97A30E00EB492A /* MainTableTableViewController.m in Sources */ = {isa = PBXBuildFile; fileRef = A9F0F11A1C97A30E00EB492A /* MainTableTableViewController.m */; };
/* End PBXBuildFile section */

/* Begin PBXContainerItemProxy section */
		A9F0F0FD1C97858F00EB492A /* PBXContainerItemProxy */ = {
			isa = PBXContainerItemProxy;
			containerPortal = A9F0F0DB1C97858E00EB492A /* Project object */;
			proxyType = 1;
			remoteGlobalIDString = A9F0F0E21C97858E00EB492A;
			remoteInfo = Onetrack;
		};
		A9F0F1081C97858F00EB492A /* PBXContainerItemProxy */ = {
			isa = PBXContainerItemProxy;
			containerPortal = A9F0F0DB1C97858E00EB492A /* Project object */;
			proxyType = 1;
			remoteGlobalIDString = A9F0F0E21C97858E00EB492A;
			remoteInfo = Onetrack;
		};
/* End PBXContainerItemProxy section */

/* Begin PBXFileReference section */
		A9D455B31C97E6E8001CACE3 /* CreateViewController.h */ = {isa = PBXFileReference; fileEncoding = 4; lastKnownFileType = sourcecode.c.h; path = CreateViewController.h; sourceTree = "<group>"; };
		A9D455B41C97E6E8001CACE3 /* CreateViewController.m */ = {isa = PBXFileReference; fileEncoding = 4; lastKnownFileType = sourcecode.c.objc; path = CreateViewController.m; sourceTree = "<group>"; };
		A9D455B61C97E6F1001CACE3 /* DetailViewController.h */ = {isa = PBXFileReference; fileEncoding = 4; lastKnownFileType = sourcecode.c.h; path = DetailViewController.h; sourceTree = "<group>"; };
		A9D455B71C97E6F1001CACE3 /* DetailViewController.m */ = {isa = PBXFileReference; fileEncoding = 4; lastKnownFileType = sourcecode.c.objc; path = DetailViewController.m; sourceTree = "<group>"; };
		A9D455C41C9830D8001CACE3 /* Classes */ = {isa = PBXFileReference; lastKnownFileType = folder; name = Classes; path = /Users/simultech/Dropbox/sources/Onetrack_old/Onetrack/Classes; sourceTree = "<absolute>"; };
		A9D455CA1C98314E001CACE3 /* NSMutableArray+JBStack.h */ = {isa = PBXFileReference; fileEncoding = 4; lastKnownFileType = sourcecode.c.h; path = "NSMutableArray+JBStack.h"; sourceTree = "<group>"; };
		A9D455CB1C98314E001CACE3 /* NSMutableArray+JBStack.m */ = {isa = PBXFileReference; fileEncoding = 4; lastKnownFileType = sourcecode.c.objc; path = "NSMutableArray+JBStack.m"; sourceTree = "<group>"; };
		A9D455CD1C98314E001CACE3 /* JBBarChartView.h */ = {isa = PBXFileReference; fileEncoding = 4; lastKnownFileType = sourcecode.c.h; path = JBBarChartView.h; sourceTree = "<group>"; };
		A9D455CE1C98314E001CACE3 /* JBBarChartView.m */ = {isa = PBXFileReference; fileEncoding = 4; lastKnownFileType = sourcecode.c.objc; path = JBBarChartView.m; sourceTree = "<group>"; };
		A9D455D01C98314E001CACE3 /* JBGradientBarView.h */ = {isa = PBXFileReference; fileEncoding = 4; lastKnownFileType = sourcecode.c.h; path = JBGradientBarView.h; sourceTree = "<group>"; };
		A9D455D11C98314E001CACE3 /* JBGradientBarView.m */ = {isa = PBXFileReference; fileEncoding = 4; lastKnownFileType = sourcecode.c.objc; path = JBGradientBarView.m; sourceTree = "<group>"; };
		A9D455D31C98314E001CACE3 /* JBChartView.h */ = {isa = PBXFileReference; fileEncoding = 4; lastKnownFileType = sourcecode.c.h; path = JBChartView.h; sourceTree = "<group>"; };
		A9D455D41C98314E001CACE3 /* JBChartView.m */ = {isa = PBXFileReference; fileEncoding = 4; lastKnownFileType = sourcecode.c.objc; path = JBChartView.m; sourceTree = "<group>"; };
		A9D455D61C98314E001CACE3 /* JBLineChartView.h */ = {isa = PBXFileReference; fileEncoding = 4; lastKnownFileType = sourcecode.c.h; path = JBLineChartView.h; sourceTree = "<group>"; };
		A9D455D71C98314E001CACE3 /* JBLineChartView.m */ = {isa = PBXFileReference; fileEncoding = 4; lastKnownFileType = sourcecode.c.objc; path = JBLineChartView.m; sourceTree = "<group>"; };
		A9D455D91C98314E001CACE3 /* JBGradientLineLayer.h */ = {isa = PBXFileReference; fileEncoding = 4; lastKnownFileType = sourcecode.c.h; path = JBGradientLineLayer.h; sourceTree = "<group>"; };
		A9D455DA1C98314E001CACE3 /* JBGradientLineLayer.m */ = {isa = PBXFileReference; fileEncoding = 4; lastKnownFileType = sourcecode.c.objc; path = JBGradientLineLayer.m; sourceTree = "<group>"; };
		A9D455DB1C98314E001CACE3 /* JBShapeLineLayer.h */ = {isa = PBXFileReference; fileEncoding = 4; lastKnownFileType = sourcecode.c.h; path = JBShapeLineLayer.h; sourceTree = "<group>"; };
		A9D455DC1C98314E001CACE3 /* JBShapeLineLayer.m */ = {isa = PBXFileReference; fileEncoding = 4; lastKnownFileType = sourcecode.c.objc; path = JBShapeLineLayer.m; sourceTree = "<group>"; };
		A9D455DE1C98314E001CACE3 /* JBLineChartLine.h */ = {isa = PBXFileReference; fileEncoding = 4; lastKnownFileType = sourcecode.c.h; path = JBLineChartLine.h; sourceTree = "<group>"; };
		A9D455DF1C98314E001CACE3 /* JBLineChartLine.m */ = {isa = PBXFileReference; fileEncoding = 4; lastKnownFileType = sourcecode.c.objc; path = JBLineChartLine.m; sourceTree = "<group>"; };
		A9D455E01C98314E001CACE3 /* JBLineChartPoint.h */ = {isa = PBXFileReference; fileEncoding = 4; lastKnownFileType = sourcecode.c.h; path = JBLineChartPoint.h; sourceTree = "<group>"; };
		A9D455E11C98314E001CACE3 /* JBLineChartPoint.m */ = {isa = PBXFileReference; fileEncoding = 4; lastKnownFileType = sourcecode.c.objc; path = JBLineChartPoint.m; sourceTree = "<group>"; };
		A9D455E31C98314E001CACE3 /* JBLineChartDotsView.h */ = {isa = PBXFileReference; fileEncoding = 4; lastKnownFileType = sourcecode.c.h; path = JBLineChartDotsView.h; sourceTree = "<group>"; };
		A9D455E41C98314E001CACE3 /* JBLineChartDotsView.m */ = {isa = PBXFileReference; fileEncoding = 4; lastKnownFileType = sourcecode.c.objc; path = JBLineChartDotsView.m; sourceTree = "<group>"; };
		A9D455E51C98314E001CACE3 /* JBLineChartDotView.h */ = {isa = PBXFileReference; fileEncoding = 4; lastKnownFileType = sourcecode.c.h; path = JBLineChartDotView.h; sourceTree = "<group>"; };
		A9D455E61C98314E001CACE3 /* JBLineChartDotView.m */ = {isa = PBXFileReference; fileEncoding = 4; lastKnownFileType = sourcecode.c.objc; path = JBLineChartDotView.m; sourceTree = "<group>"; };
		A9D455E71C98314E001CACE3 /* JBLineChartLinesView.h */ = {isa = PBXFileReference; fileEncoding = 4; lastKnownFileType = sourcecode.c.h; path = JBLineChartLinesView.h; sourceTree = "<group>"; };
		A9D455E81C98314E001CACE3 /* JBLineChartLinesView.m */ = {isa = PBXFileReference; fileEncoding = 4; lastKnownFileType = sourcecode.c.objc; path = JBLineChartLinesView.m; sourceTree = "<group>"; };
		A9D455F51C984DCB001CACE3 /* fontawesome-webfont.ttf */ = {isa = PBXFileReference; lastKnownFileType = file; path = "fontawesome-webfont.ttf"; sourceTree = "<group>"; };
		A9D455F71C993CA2001CACE3 /* AudioToolbox.framework */ = {isa = PBXFileReference; lastKnownFileType = wrapper.framework; name = AudioToolbox.framework; path = System/Library/Frameworks/AudioToolbox.framework; sourceTree = SDKROOT; };
		A9F0F0E31C97858E00EB492A /* Onetrack.app */ = {isa = PBXFileReference; explicitFileType = wrapper.application; includeInIndex = 0; path = Onetrack.app; sourceTree = BUILT_PRODUCTS_DIR; };
		A9F0F0E71C97858E00EB492A /* main.m */ = {isa = PBXFileReference; lastKnownFileType = sourcecode.c.objc; path = main.m; sourceTree = "<group>"; };
		A9F0F0E91C97858E00EB492A /* AppDelegate.h */ = {isa = PBXFileReference; lastKnownFileType = sourcecode.c.h; path = AppDelegate.h; sourceTree = "<group>"; };
		A9F0F0EA1C97858E00EB492A /* AppDelegate.m */ = {isa = PBXFileReference; lastKnownFileType = sourcecode.c.objc; path = AppDelegate.m; sourceTree = "<group>"; };
		A9F0F0F01C97858F00EB492A /* Base */ = {isa = PBXFileReference; lastKnownFileType = file.storyboard; name = Base; path = Base.lproj/Main.storyboard; sourceTree = "<group>"; };
		A9F0F0F21C97858F00EB492A /* Assets.xcassets */ = {isa = PBXFileReference; lastKnownFileType = folder.assetcatalog; path = Assets.xcassets; sourceTree = "<group>"; };
		A9F0F0F51C97858F00EB492A /* Base */ = {isa = PBXFileReference; lastKnownFileType = file.storyboard; name = Base; path = Base.lproj/LaunchScreen.storyboard; sourceTree = "<group>"; };
		A9F0F0F71C97858F00EB492A /* Info.plist */ = {isa = PBXFileReference; lastKnownFileType = text.plist.xml; path = Info.plist; sourceTree = "<group>"; };
		A9F0F0FC1C97858F00EB492A /* OnetrackTests.xctest */ = {isa = PBXFileReference; explicitFileType = wrapper.cfbundle; includeInIndex = 0; path = OnetrackTests.xctest; sourceTree = BUILT_PRODUCTS_DIR; };
		A9F0F1001C97858F00EB492A /* OnetrackTests.m */ = {isa = PBXFileReference; lastKnownFileType = sourcecode.c.objc; path = OnetrackTests.m; sourceTree = "<group>"; };
		A9F0F1021C97858F00EB492A /* Info.plist */ = {isa = PBXFileReference; lastKnownFileType = text.plist.xml; path = Info.plist; sourceTree = "<group>"; };
		A9F0F1071C97858F00EB492A /* OnetrackUITests.xctest */ = {isa = PBXFileReference; explicitFileType = wrapper.cfbundle; includeInIndex = 0; path = OnetrackUITests.xctest; sourceTree = BUILT_PRODUCTS_DIR; };
		A9F0F10B1C97858F00EB492A /* OnetrackUITests.m */ = {isa = PBXFileReference; lastKnownFileType = sourcecode.c.objc; path = OnetrackUITests.m; sourceTree = "<group>"; };
		A9F0F10D1C97858F00EB492A /* Info.plist */ = {isa = PBXFileReference; lastKnownFileType = text.plist.xml; path = Info.plist; sourceTree = "<group>"; };
		A9F0F1191C97A30E00EB492A /* MainTableTableViewController.h */ = {isa = PBXFileReference; fileEncoding = 4; lastKnownFileType = sourcecode.c.h; path = MainTableTableViewController.h; sourceTree = "<group>"; };
		A9F0F11A1C97A30E00EB492A /* MainTableTableViewController.m */ = {isa = PBXFileReference; fileEncoding = 4; lastKnownFileType = sourcecode.c.objc; path = MainTableTableViewController.m; sourceTree = "<group>"; };
/* End PBXFileReference section */

/* Begin PBXFrameworksBuildPhase section */
		A9F0F0E01C97858E00EB492A /* Frameworks */ = {
			isa = PBXFrameworksBuildPhase;
			buildActionMask = 2147483647;
			files = (
				A9D455F81C993CA2001CACE3 /* AudioToolbox.framework in Frameworks */,
			);
			runOnlyForDeploymentPostprocessing = 0;
		};
		A9F0F0F91C97858F00EB492A /* Frameworks */ = {
			isa = PBXFrameworksBuildPhase;
			buildActionMask = 2147483647;
			files = (
			);
			runOnlyForDeploymentPostprocessing = 0;
		};
		A9F0F1041C97858F00EB492A /* Frameworks */ = {
			isa = PBXFrameworksBuildPhase;
			buildActionMask = 2147483647;
			files = (
			);
			runOnlyForDeploymentPostprocessing = 0;
		};
/* End PBXFrameworksBuildPhase section */

/* Begin PBXGroup section */
		A9D455C31C9830A5001CACE3 /* Lib */ = {
			isa = PBXGroup;
			children = (
				A9D455F51C984DCB001CACE3 /* fontawesome-webfont.ttf */,
				A9D455C81C98314E001CACE3 /* Classes */,
			);
			name = Lib;
			sourceTree = "<group>";
		};
		A9D455C81C98314E001CACE3 /* Classes */ = {
			isa = PBXGroup;
			children = (
				A9D455C91C98314E001CACE3 /* Additions */,
				A9D455CC1C98314E001CACE3 /* Bar */,
				A9D455D21C98314E001CACE3 /* Base */,
				A9D455D51C98314E001CACE3 /* Line */,
			);
			path = Classes;
			sourceTree = "<group>";
		};
		A9D455C91C98314E001CACE3 /* Additions */ = {
			isa = PBXGroup;
			children = (
				A9D455CA1C98314E001CACE3 /* NSMutableArray+JBStack.h */,
				A9D455CB1C98314E001CACE3 /* NSMutableArray+JBStack.m */,
			);
			path = Additions;
			sourceTree = "<group>";
		};
		A9D455CC1C98314E001CACE3 /* Bar */ = {
			isa = PBXGroup;
			children = (
				A9D455CD1C98314E001CACE3 /* JBBarChartView.h */,
				A9D455CE1C98314E001CACE3 /* JBBarChartView.m */,
				A9D455CF1C98314E001CACE3 /* Views */,
			);
			path = Bar;
			sourceTree = "<group>";
		};
		A9D455CF1C98314E001CACE3 /* Views */ = {
			isa = PBXGroup;
			children = (
				A9D455D01C98314E001CACE3 /* JBGradientBarView.h */,
				A9D455D11C98314E001CACE3 /* JBGradientBarView.m */,
			);
			path = Views;
			sourceTree = "<group>";
		};
		A9D455D21C98314E001CACE3 /* Base */ = {
			isa = PBXGroup;
			children = (
				A9D455D31C98314E001CACE3 /* JBChartView.h */,
				A9D455D41C98314E001CACE3 /* JBChartView.m */,
			);
			path = Base;
			sourceTree = "<group>";
		};
		A9D455D51C98314E001CACE3 /* Line */ = {
			isa = PBXGroup;
			children = (
				A9D455D61C98314E001CACE3 /* JBLineChartView.h */,
				A9D455D71C98314E001CACE3 /* JBLineChartView.m */,
				A9D455D81C98314E001CACE3 /* Layers */,
				A9D455DD1C98314E001CACE3 /* Models */,
				A9D455E21C98314E001CACE3 /* Views */,
			);
			path = Line;
			sourceTree = "<group>";
		};
		A9D455D81C98314E001CACE3 /* Layers */ = {
			isa = PBXGroup;
			children = (
				A9D455D91C98314E001CACE3 /* JBGradientLineLayer.h */,
				A9D455DA1C98314E001CACE3 /* JBGradientLineLayer.m */,
				A9D455DB1C98314E001CACE3 /* JBShapeLineLayer.h */,
				A9D455DC1C98314E001CACE3 /* JBShapeLineLayer.m */,
			);
			path = Layers;
			sourceTree = "<group>";
		};
		A9D455DD1C98314E001CACE3 /* Models */ = {
			isa = PBXGroup;
			children = (
				A9D455DE1C98314E001CACE3 /* JBLineChartLine.h */,
				A9D455DF1C98314E001CACE3 /* JBLineChartLine.m */,
				A9D455E01C98314E001CACE3 /* JBLineChartPoint.h */,
				A9D455E11C98314E001CACE3 /* JBLineChartPoint.m */,
			);
			path = Models;
			sourceTree = "<group>";
		};
		A9D455E21C98314E001CACE3 /* Views */ = {
			isa = PBXGroup;
			children = (
				A9D455E31C98314E001CACE3 /* JBLineChartDotsView.h */,
				A9D455E41C98314E001CACE3 /* JBLineChartDotsView.m */,
				A9D455E51C98314E001CACE3 /* JBLineChartDotView.h */,
				A9D455E61C98314E001CACE3 /* JBLineChartDotView.m */,
				A9D455E71C98314E001CACE3 /* JBLineChartLinesView.h */,
				A9D455E81C98314E001CACE3 /* JBLineChartLinesView.m */,
			);
			path = Views;
			sourceTree = "<group>";
		};
		A9F0F0DA1C97858E00EB492A = {
			isa = PBXGroup;
			children = (
				A9D455F71C993CA2001CACE3 /* AudioToolbox.framework */,
				A9F0F0E51C97858E00EB492A /* Onetrack */,
				A9F0F0FF1C97858F00EB492A /* OnetrackTests */,
				A9F0F10A1C97858F00EB492A /* OnetrackUITests */,
				A9F0F0E41C97858E00EB492A /* Products */,
			);
			sourceTree = "<group>";
		};
		A9F0F0E41C97858E00EB492A /* Products */ = {
			isa = PBXGroup;
			children = (
				A9F0F0E31C97858E00EB492A /* Onetrack.app */,
				A9F0F0FC1C97858F00EB492A /* OnetrackTests.xctest */,
				A9F0F1071C97858F00EB492A /* OnetrackUITests.xctest */,
			);
			name = Products;
			sourceTree = "<group>";
		};
		A9F0F0E51C97858E00EB492A /* Onetrack */ = {
			isa = PBXGroup;
			children = (
				A9D455C31C9830A5001CACE3 /* Lib */,
				A9F0F0E91C97858E00EB492A /* AppDelegate.h */,
				A9F0F0EA1C97858E00EB492A /* AppDelegate.m */,
				A9F0F1191C97A30E00EB492A /* MainTableTableViewController.h */,
				A9F0F11A1C97A30E00EB492A /* MainTableTableViewController.m */,
				A9F0F0E61C97858E00EB492A /* Supporting Files */,
				A9D455B31C97E6E8001CACE3 /* CreateViewController.h */,
				A9D455B41C97E6E8001CACE3 /* CreateViewController.m */,
				A9D455B61C97E6F1001CACE3 /* DetailViewController.h */,
				A9D455B71C97E6F1001CACE3 /* DetailViewController.m */,
			);
			path = Onetrack;
			sourceTree = "<group>";
		};
		A9F0F0E61C97858E00EB492A /* Supporting Files */ = {
			isa = PBXGroup;
			children = (
				A9F0F0F21C97858F00EB492A /* Assets.xcassets */,
				A9F0F0F71C97858F00EB492A /* Info.plist */,
				A9F0F0F41C97858F00EB492A /* LaunchScreen.storyboard */,
				A9F0F0EF1C97858F00EB492A /* Main.storyboard */,
				A9F0F0E71C97858E00EB492A /* main.m */,
			);
			name = "Supporting Files";
			sourceTree = "<group>";
		};
		A9F0F0FF1C97858F00EB492A /* OnetrackTests */ = {
			isa = PBXGroup;
			children = (
				A9F0F1001C97858F00EB492A /* OnetrackTests.m */,
				A9F0F1021C97858F00EB492A /* Info.plist */,
			);
			path = OnetrackTests;
			sourceTree = "<group>";
		};
		A9F0F10A1C97858F00EB492A /* OnetrackUITests */ = {
			isa = PBXGroup;
			children = (
				A9F0F10B1C97858F00EB492A /* OnetrackUITests.m */,
				A9F0F10D1C97858F00EB492A /* Info.plist */,
			);
			path = OnetrackUITests;
			sourceTree = "<group>";
		};
/* End PBXGroup section */

/* Begin PBXNativeTarget section */
		A9F0F0E21C97858E00EB492A /* Onetrack */ = {
			isa = PBXNativeTarget;
			buildConfigurationList = A9F0F1101C97858F00EB492A /* Build configuration list for PBXNativeTarget "Onetrack" */;
			buildPhases = (
				A9F0F0DF1C97858E00EB492A /* Sources */,
				A9F0F0E01C97858E00EB492A /* Frameworks */,
				A9F0F0E11C97858E00EB492A /* Resources */,
			);
			buildRules = (
			);
			dependencies = (
			);
			name = Onetrack;
			productName = Onetrack;
			productReference = A9F0F0E31C97858E00EB492A /* Onetrack.app */;
			productType = "com.apple.product-type.application";
		};
		A9F0F0FB1C97858F00EB492A /* OnetrackTests */ = {
			isa = PBXNativeTarget;
			buildConfigurationList = A9F0F1131C97858F00EB492A /* Build configuration list for PBXNativeTarget "OnetrackTests" */;
			buildPhases = (
				A9F0F0F81C97858F00EB492A /* Sources */,
				A9F0F0F91C97858F00EB492A /* Frameworks */,
				A9F0F0FA1C97858F00EB492A /* Resources */,
			);
			buildRules = (
			);
			dependencies = (
				A9F0F0FE1C97858F00EB492A /* PBXTargetDependency */,
			);
			name = OnetrackTests;
			productName = OnetrackTests;
			productReference = A9F0F0FC1C97858F00EB492A /* OnetrackTests.xctest */;
			productType = "com.apple.product-type.bundle.unit-test";
		};
		A9F0F1061C97858F00EB492A /* OnetrackUITests */ = {
			isa = PBXNativeTarget;
			buildConfigurationList = A9F0F1161C97858F00EB492A /* Build configuration list for PBXNativeTarget "OnetrackUITests" */;
			buildPhases = (
				A9F0F1031C97858F00EB492A /* Sources */,
				A9F0F1041C97858F00EB492A /* Frameworks */,
				A9F0F1051C97858F00EB492A /* Resources */,
			);
			buildRules = (
			);
			dependencies = (
				A9F0F1091C97858F00EB492A /* PBXTargetDependency */,
			);
			name = OnetrackUITests;
			productName = OnetrackUITests;
			productReference = A9F0F1071C97858F00EB492A /* OnetrackUITests.xctest */;
			productType = "com.apple.product-type.bundle.ui-testing";
		};
/* End PBXNativeTarget section */

/* Begin PBXProject section */
		A9F0F0DB1C97858E00EB492A /* Project object */ = {
			isa = PBXProject;
			attributes = {
				LastUpgradeCheck = 0720;
				ORGANIZATIONNAME = "Andrew Dekker";
				TargetAttributes = {
					A9F0F0E21C97858E00EB492A = {
						CreatedOnToolsVersion = 7.2.1;
						DevelopmentTeam = X4J3AMW696;
					};
					A9F0F0FB1C97858F00EB492A = {
						CreatedOnToolsVersion = 7.2.1;
						TestTargetID = A9F0F0E21C97858E00EB492A;
					};
					A9F0F1061C97858F00EB492A = {
						CreatedOnToolsVersion = 7.2.1;
						TestTargetID = A9F0F0E21C97858E00EB492A;
					};
				};
			};
			buildConfigurationList = A9F0F0DE1C97858E00EB492A /* Build configuration list for PBXProject "Onetrack" */;
			compatibilityVersion = "Xcode 3.2";
			developmentRegion = English;
			hasScannedForEncodings = 0;
			knownRegions = (
				en,
				Base,
			);
			mainGroup = A9F0F0DA1C97858E00EB492A;
			productRefGroup = A9F0F0E41C97858E00EB492A /* Products */;
			projectDirPath = "";
			projectRoot = "";
			targets = (
				A9F0F0E21C97858E00EB492A /* Onetrack */,
				A9F0F0FB1C97858F00EB492A /* OnetrackTests */,
				A9F0F1061C97858F00EB492A /* OnetrackUITests */,
			);
		};
/* End PBXProject section */

/* Begin PBXResourcesBuildPhase section */
		A9F0F0E11C97858E00EB492A /* Resources */ = {
			isa = PBXResourcesBuildPhase;
			buildActionMask = 2147483647;
			files = (
				A9F0F0F61C97858F00EB492A /* LaunchScreen.storyboard in Resources */,
				A9D455C51C9830D8001CACE3 /* Classes in Resources */,
				A9D455F61C984DF3001CACE3 /* fontawesome-webfont.ttf in Resources */,
				A9F0F0F31C97858F00EB492A /* Assets.xcassets in Resources */,
				A9F0F0F11C97858F00EB492A /* Main.storyboard in Resources */,
			);
			runOnlyForDeploymentPostprocessing = 0;
		};
		A9F0F0FA1C97858F00EB492A /* Resources */ = {
			isa = PBXResourcesBuildPhase;
			buildActionMask = 2147483647;
			files = (
			);
			runOnlyForDeploymentPostprocessing = 0;
		};
		A9F0F1051C97858F00EB492A /* Resources */ = {
			isa = PBXResourcesBuildPhase;
			buildActionMask = 2147483647;
			files = (
			);
			runOnlyForDeploymentPostprocessing = 0;
		};
/* End PBXResourcesBuildPhase section */

/* Begin PBXSourcesBuildPhase section */
		A9F0F0DF1C97858E00EB492A /* Sources */ = {
			isa = PBXSourcesBuildPhase;
			buildActionMask = 2147483647;
			files = (
				A9D455EB1C98314E001CACE3 /* JBGradientBarView.m in Sources */,
				A9D455F21C98314E001CACE3 /* JBLineChartDotsView.m in Sources */,
				A9D455F01C98314E001CACE3 /* JBLineChartLine.m in Sources */,
				A9D455EC1C98314E001CACE3 /* JBChartView.m in Sources */,
				A9D455EA1C98314E001CACE3 /* JBBarChartView.m in Sources */,
				A9D455EE1C98314E001CACE3 /* JBGradientLineLayer.m in Sources */,
				A9D455B81C97E6F1001CACE3 /* DetailViewController.m in Sources */,
				A9D455F31C98314E001CACE3 /* JBLineChartDotView.m in Sources */,
				A9D455B51C97E6E8001CACE3 /* CreateViewController.m in Sources */,
				A9D455ED1C98314E001CACE3 /* JBLineChartView.m in Sources */,
				A9D455E91C98314E001CACE3 /* NSMutableArray+JBStack.m in Sources */,
				A9F0F11B1C97A30E00EB492A /* MainTableTableViewController.m in Sources */,
				A9F0F0EB1C97858E00EB492A /* AppDelegate.m in Sources */,
				A9D455F41C98314E001CACE3 /* JBLineChartLinesView.m in Sources */,
				A9F0F0E81C97858E00EB492A /* main.m in Sources */,
				A9D455EF1C98314E001CACE3 /* JBShapeLineLayer.m in Sources */,
				A9D455F11C98314E001CACE3 /* JBLineChartPoint.m in Sources */,
			);
			runOnlyForDeploymentPostprocessing = 0;
		};
		A9F0F0F81C97858F00EB492A /* Sources */ = {
			isa = PBXSourcesBuildPhase;
			buildActionMask = 2147483647;
			files = (
				A9F0F1011C97858F00EB492A /* OnetrackTests.m in Sources */,
			);
			runOnlyForDeploymentPostprocessing = 0;
		};
		A9F0F1031C97858F00EB492A /* Sources */ = {
			isa = PBXSourcesBuildPhase;
			buildActionMask = 2147483647;
			files = (
				A9F0F10C1C97858F00EB492A /* OnetrackUITests.m in Sources */,
			);
			runOnlyForDeploymentPostprocessing = 0;
		};
/* End PBXSourcesBuildPhase section */

/* Begin PBXTargetDependency section */
		A9F0F0FE1C97858F00EB492A /* PBXTargetDependency */ = {
			isa = PBXTargetDependency;
			target = A9F0F0E21C97858E00EB492A /* Onetrack */;
			targetProxy = A9F0F0FD1C97858F00EB492A /* PBXContainerItemProxy */;
		};
		A9F0F1091C97858F00EB492A /* PBXTargetDependency */ = {
			isa = PBXTargetDependency;
			target = A9F0F0E21C97858E00EB492A /* Onetrack */;
			targetProxy = A9F0F1081C97858F00EB492A /* PBXContainerItemProxy */;
		};
/* End PBXTargetDependency section */

/* Begin PBXVariantGroup section */
		A9F0F0EF1C97858F00EB492A /* Main.storyboard */ = {
			isa = PBXVariantGroup;
			children = (
				A9F0F0F01C97858F00EB492A /* Base */,
			);
			name = Main.storyboard;
			sourceTree = "<group>";
		};
		A9F0F0F41C97858F00EB492A /* LaunchScreen.storyboard */ = {
			isa = PBXVariantGroup;
			children = (
				A9F0F0F51C97858F00EB492A /* Base */,
			);
			name = LaunchScreen.storyboard;
			sourceTree = "<group>";
		};
/* End PBXVariantGroup section */

/* Begin XCBuildConfiguration section */
		A9F0F10E1C97858F00EB492A /* Debug */ = {
			isa = XCBuildConfiguration;
			buildSettings = {
				ALWAYS_SEARCH_USER_PATHS = NO;
				CLANG_CXX_LANGUAGE_STANDARD = "gnu++0x";
				CLANG_CXX_LIBRARY = "libc++";
				CLANG_ENABLE_MODULES = YES;
				CLANG_ENABLE_OBJC_ARC = YES;
				CLANG_WARN_BOOL_CONVERSION = YES;
				CLANG_WARN_CONSTANT_CONVERSION = YES;
				CLANG_WARN_DIRECT_OBJC_ISA_USAGE = YES_ERROR;
				CLANG_WARN_EMPTY_BODY = YES;
				CLANG_WARN_ENUM_CONVERSION = YES;
				CLANG_WARN_INT_CONVERSION = YES;
				CLANG_WARN_OBJC_ROOT_CLASS = YES_ERROR;
				CLANG_WARN_UNREACHABLE_CODE = YES;
				CLANG_WARN__DUPLICATE_METHOD_MATCH = YES;
				"CODE_SIGN_IDENTITY[sdk=iphoneos*]" = "iPhone Developer";
				COPY_PHASE_STRIP = NO;
				DEBUG_INFORMATION_FORMAT = dwarf;
				ENABLE_STRICT_OBJC_MSGSEND = YES;
				ENABLE_TESTABILITY = YES;
				GCC_C_LANGUAGE_STANDARD = gnu99;
				GCC_DYNAMIC_NO_PIC = NO;
				GCC_NO_COMMON_BLOCKS = YES;
				GCC_OPTIMIZATION_LEVEL = 0;
				GCC_PREPROCESSOR_DEFINITIONS = (
					"DEBUG=1",
					"$(inherited)",
				);
				GCC_WARN_64_TO_32_BIT_CONVERSION = YES;
				GCC_WARN_ABOUT_RETURN_TYPE = YES_ERROR;
				GCC_WARN_UNDECLARED_SELECTOR = YES;
				GCC_WARN_UNINITIALIZED_AUTOS = YES_AGGRESSIVE;
				GCC_WARN_UNUSED_FUNCTION = YES;
				GCC_WARN_UNUSED_VARIABLE = YES;
				IPHONEOS_DEPLOYMENT_TARGET = 9.2;
				MTL_ENABLE_DEBUG_INFO = YES;
				ONLY_ACTIVE_ARCH = YES;
				SDKROOT = iphoneos;
				TARGETED_DEVICE_FAMILY = "1,2";
			};
			name = Debug;
		};
		A9F0F10F1C97858F00EB492A /* Release */ = {
			isa = XCBuildConfiguration;
			buildSettings = {
				ALWAYS_SEARCH_USER_PATHS = NO;
				CLANG_CXX_LANGUAGE_STANDARD = "gnu++0x";
				CLANG_CXX_LIBRARY = "libc++";
				CLANG_ENABLE_MODULES = YES;
				CLANG_ENABLE_OBJC_ARC = YES;
				CLANG_WARN_BOOL_CONVERSION = YES;
				CLANG_WARN_CONSTANT_CONVERSION = YES;
				CLANG_WARN_DIRECT_OBJC_ISA_USAGE = YES_ERROR;
				CLANG_WARN_EMPTY_BODY = YES;
				CLANG_WARN_ENUM_CONVERSION = YES;
				CLANG_WARN_INT_CONVERSION = YES;
				CLANG_WARN_OBJC_ROOT_CLASS = YES_ERROR;
				CLANG_WARN_UNREACHABLE_CODE = YES;
				CLANG_WARN__DUPLICATE_METHOD_MATCH = YES;
				"CODE_SIGN_IDENTITY[sdk=iphoneos*]" = "iPhone Developer";
				COPY_PHASE_STRIP = NO;
				DEBUG_INFORMATION_FORMAT = "dwarf-with-dsym";
				ENABLE_NS_ASSERTIONS = NO;
				ENABLE_STRICT_OBJC_MSGSEND = YES;
				GCC_C_LANGUAGE_STANDARD = gnu99;
				GCC_NO_COMMON_BLOCKS = YES;
				GCC_WARN_64_TO_32_BIT_CONVERSION = YES;
				GCC_WARN_ABOUT_RETURN_TYPE = YES_ERROR;
				GCC_WARN_UNDECLARED_SELECTOR = YES;
				GCC_WARN_UNINITIALIZED_AUTOS = YES_AGGRESSIVE;
				GCC_WARN_UNUSED_FUNCTION = YES;
				GCC_WARN_UNUSED_VARIABLE = YES;
				IPHONEOS_DEPLOYMENT_TARGET = 9.2;
				MTL_ENABLE_DEBUG_INFO = NO;
				SDKROOT = iphoneos;
				TARGETED_DEVICE_FAMILY = "1,2";
				VALIDATE_PRODUCT = YES;
			};
			name = Release;
		};
		A9F0F1111C97858F00EB492A /* Debug */ = {
			isa = XCBuildConfiguration;
			buildSettings = {
				ASSETCATALOG_COMPILER_APPICON_NAME = AppIcon;
				CODE_SIGN_IDENTITY = "iPhone Developer";
				"CODE_SIGN_IDENTITY[sdk=iphoneos*]" = "iPhone Developer";
				INFOPLIST_FILE = Onetrack/Info.plist;
				LD_RUNPATH_SEARCH_PATHS = "$(inherited) @executable_path/Frameworks";
				PRODUCT_BUNDLE_IDENTIFIER = net.simultech.Onetrack;
				PRODUCT_NAME = "$(TARGET_NAME)";
				PROVISIONING_PROFILE = "";
			};
			name = Debug;
		};
		A9F0F1121C97858F00EB492A /* Release */ = {
			isa = XCBuildConfiguration;
			buildSettings = {
				ASSETCATALOG_COMPILER_APPICON_NAME = AppIcon;
				CODE_SIGN_IDENTITY = "iPhone Developer";
				"CODE_SIGN_IDENTITY[sdk=iphoneos*]" = "iPhone Developer";
				INFOPLIST_FILE = Onetrack/Info.plist;
				LD_RUNPATH_SEARCH_PATHS = "$(inherited) @executable_path/Frameworks";
				PRODUCT_BUNDLE_IDENTIFIER = net.simultech.Onetrack;
				PRODUCT_NAME = "$(TARGET_NAME)";
				PROVISIONING_PROFILE = "";
			};
			name = Release;
		};
		A9F0F1141C97858F00EB492A /* Debug */ = {
			isa = XCBuildConfiguration;
			buildSettings = {
				BUNDLE_LOADER = "$(TEST_HOST)";
				INFOPLIST_FILE = OnetrackTests/Info.plist;
				LD_RUNPATH_SEARCH_PATHS = "$(inherited) @executable_path/Frameworks @loader_path/Frameworks";
				PRODUCT_BUNDLE_IDENTIFIER = net.simultech.OnetrackTests;
				PRODUCT_NAME = "$(TARGET_NAME)";
				TEST_HOST = "$(BUILT_PRODUCTS_DIR)/Onetrack.app/Onetrack";
			};
			name = Debug;
		};
		A9F0F1151C97858F00EB492A /* Release */ = {
			isa = XCBuildConfiguration;
			buildSettings = {
				BUNDLE_LOADER = "$(TEST_HOST)";
				INFOPLIST_FILE = OnetrackTests/Info.plist;
				LD_RUNPATH_SEARCH_PATHS = "$(inherited) @executable_path/Frameworks @loader_path/Frameworks";
				PRODUCT_BUNDLE_IDENTIFIER = net.simultech.OnetrackTests;
				PRODUCT_NAME = "$(TARGET_NAME)";
				TEST_HOST = "$(BUILT_PRODUCTS_DIR)/Onetrack.app/Onetrack";
			};
			name = Release;
		};
		A9F0F1171C97858F00EB492A /* Debug */ = {
			isa = XCBuildConfiguration;
			buildSettings = {
				INFOPLIST_FILE = OnetrackUITests/Info.plist;
				LD_RUNPATH_SEARCH_PATHS = "$(inherited) @executable_path/Frameworks @loader_path/Frameworks";
				PRODUCT_BUNDLE_IDENTIFIER = net.simultech.OnetrackUITests;
				PRODUCT_NAME = "$(TARGET_NAME)";
				TEST_TARGET_NAME = Onetrack;
				USES_XCTRUNNER = YES;
			};
			name = Debug;
		};
		A9F0F1181C97858F00EB492A /* Release */ = {
			isa = XCBuildConfiguration;
			buildSettings = {
				INFOPLIST_FILE = OnetrackUITests/Info.plist;
				LD_RUNPATH_SEARCH_PATHS = "$(inherited) @executable_path/Frameworks @loader_path/Frameworks";
				PRODUCT_BUNDLE_IDENTIFIER = net.simultech.OnetrackUITests;
				PRODUCT_NAME = "$(TARGET_NAME)";
				TEST_TARGET_NAME = Onetrack;
				USES_XCTRUNNER = YES;
			};
			name = Release;
		};
/* End XCBuildConfiguration section */

/* Begin XCConfigurationList section */
		A9F0F0DE1C97858E00EB492A /* Build configuration list for PBXProject "Onetrack" */ = {
			isa = XCConfigurationList;
			buildConfigurations = (
				A9F0F10E1C97858F00EB492A /* Debug */,
				A9F0F10F1C97858F00EB492A /* Release */,
			);
			defaultConfigurationIsVisible = 0;
			defaultConfigurationName = Release;
		};
		A9F0F1101C97858F00EB492A /* Build configuration list for PBXNativeTarget "Onetrack" */ = {
			isa = XCConfigurationList;
			buildConfigurations = (
				A9F0F1111C97858F00EB492A /* Debug */,
				A9F0F1121C97858F00EB492A /* Release */,
			);
			defaultConfigurationIsVisible = 0;
			defaultConfigurationName = Release;
		};
		A9F0F1131C97858F00EB492A /* Build configuration list for PBXNativeTarget "OnetrackTests" */ = {
			isa = XCConfigurationList;
			buildConfigurations = (
				A9F0F1141C97858F00EB492A /* Debug */,
				A9F0F1151C97858F00EB492A /* Release */,
			);
			defaultConfigurationIsVisible = 0;
			defaultConfigurationName = Release;
		};
		A9F0F1161C97858F00EB492A /* Build configuration list for PBXNativeTarget "OnetrackUITests" */ = {
			isa = XCConfigurationList;
			buildConfigurations = (
				A9F0F1171C97858F00EB492A /* Debug */,
				A9F0F1181C97858F00EB492A /* Release */,
			);
			defaultConfigurationIsVisible = 0;
			defaultConfigurationName = Release;
		};
/* End XCConfigurationList section */
	};
	rootObject = A9F0F0DB1C97858E00EB492A /* Project object */;
}
