// !$*UTF8*$!
{
	archiveVersion = 1;
	classes = {
	};
	objectVersion = 46;
	objects = {

/* Begin PBXBuildFile section */
		A92501BB1C9DFB3A0031E97E /* NSMutableArray+JBStack.m in Sources */ = {isa = PBXBuildFile; fileRef = A925019D1C9DFB3A0031E97E /* NSMutableArray+JBStack.m */; };
		A92501BC1C9DFB3A0031E97E /* JBBarChartView.m in Sources */ = {isa = PBXBuildFile; fileRef = A92501A01C9DFB3A0031E97E /* JBBarChartView.m */; };
		A92501BD1C9DFB3A0031E97E /* JBGradientBarView.m in Sources */ = {isa = PBXBuildFile; fileRef = A92501A31C9DFB3A0031E97E /* JBGradientBarView.m */; };
		A92501BE1C9DFB3A0031E97E /* JBChartView.m in Sources */ = {isa = PBXBuildFile; fileRef = A92501A61C9DFB3A0031E97E /* JBChartView.m */; };
		A92501BF1C9DFB3A0031E97E /* JBLineChartView.m in Sources */ = {isa = PBXBuildFile; fileRef = A92501A91C9DFB3A0031E97E /* JBLineChartView.m */; };
		A92501C01C9DFB3A0031E97E /* JBGradientLineLayer.m in Sources */ = {isa = PBXBuildFile; fileRef = A92501AC1C9DFB3A0031E97E /* JBGradientLineLayer.m */; };
		A92501C11C9DFB3A0031E97E /* JBShapeLineLayer.m in Sources */ = {isa = PBXBuildFile; fileRef = A92501AE1C9DFB3A0031E97E /* JBShapeLineLayer.m */; };
		A92501C21C9DFB3A0031E97E /* JBLineChartLine.m in Sources */ = {isa = PBXBuildFile; fileRef = A92501B11C9DFB3A0031E97E /* JBLineChartLine.m */; };
		A92501C31C9DFB3A0031E97E /* JBLineChartPoint.m in Sources */ = {isa = PBXBuildFile; fileRef = A92501B31C9DFB3A0031E97E /* JBLineChartPoint.m */; };
		A92501C41C9DFB3A0031E97E /* JBLineChartDotsView.m in Sources */ = {isa = PBXBuildFile; fileRef = A92501B61C9DFB3A0031E97E /* JBLineChartDotsView.m */; };
		A92501C51C9DFB3A0031E97E /* JBLineChartDotView.m in Sources */ = {isa = PBXBuildFile; fileRef = A92501B81C9DFB3A0031E97E /* JBLineChartDotView.m */; };
		A92501C61C9DFB3A0031E97E /* JBLineChartLinesView.m in Sources */ = {isa = PBXBuildFile; fileRef = A92501BA1C9DFB3A0031E97E /* JBLineChartLinesView.m */; };
		A928CBCD1D759E56001EF68E /* EditViewController.m in Sources */ = {isa = PBXBuildFile; fileRef = A928CBCC1D759E56001EF68E /* EditViewController.m */; };
		A92DD2C91D69992600F5C3CC /* OneTrackTableViewCell.m in Sources */ = {isa = PBXBuildFile; fileRef = A92DD2C81D69992600F5C3CC /* OneTrackTableViewCell.m */; };
		A92DD2CB1D699D1200F5C3CC /* MyriadPro-Bold.otf in Resources */ = {isa = PBXBuildFile; fileRef = A92DD2CA1D699D1200F5C3CC /* MyriadPro-Bold.otf */; };
		A94221E71C9EBB9400197CA1 /* AppModel.m in Sources */ = {isa = PBXBuildFile; fileRef = A94221E61C9EBB9400197CA1 /* AppModel.m */; };
		A94222441C9EC71E00197CA1 /* AFHTTPSessionManager.m in Sources */ = {isa = PBXBuildFile; fileRef = A94222231C9EC71E00197CA1 /* AFHTTPSessionManager.m */; };
		A94222451C9EC71E00197CA1 /* AFNetworkReachabilityManager.m in Sources */ = {isa = PBXBuildFile; fileRef = A94222261C9EC71E00197CA1 /* AFNetworkReachabilityManager.m */; };
		A94222461C9EC71E00197CA1 /* AFSecurityPolicy.m in Sources */ = {isa = PBXBuildFile; fileRef = A94222281C9EC71E00197CA1 /* AFSecurityPolicy.m */; };
		A94222471C9EC71E00197CA1 /* AFURLRequestSerialization.m in Sources */ = {isa = PBXBuildFile; fileRef = A942222A1C9EC71E00197CA1 /* AFURLRequestSerialization.m */; };
		A94222481C9EC71E00197CA1 /* AFURLResponseSerialization.m in Sources */ = {isa = PBXBuildFile; fileRef = A942222C1C9EC71E00197CA1 /* AFURLResponseSerialization.m */; };
		A94222491C9EC71E00197CA1 /* AFURLSessionManager.m in Sources */ = {isa = PBXBuildFile; fileRef = A942222E1C9EC71E00197CA1 /* AFURLSessionManager.m */; };
		A942224A1C9EC71E00197CA1 /* AFAutoPurgingImageCache.m in Sources */ = {isa = PBXBuildFile; fileRef = A94222311C9EC71E00197CA1 /* AFAutoPurgingImageCache.m */; };
		A942224B1C9EC71E00197CA1 /* AFImageDownloader.m in Sources */ = {isa = PBXBuildFile; fileRef = A94222331C9EC71E00197CA1 /* AFImageDownloader.m */; };
		A942224C1C9EC71E00197CA1 /* AFNetworkActivityIndicatorManager.m in Sources */ = {isa = PBXBuildFile; fileRef = A94222351C9EC71E00197CA1 /* AFNetworkActivityIndicatorManager.m */; };
		A942224D1C9EC71E00197CA1 /* UIActivityIndicatorView+AFNetworking.m in Sources */ = {isa = PBXBuildFile; fileRef = A94222371C9EC71E00197CA1 /* UIActivityIndicatorView+AFNetworking.m */; };
		A942224E1C9EC71E00197CA1 /* UIButton+AFNetworking.m in Sources */ = {isa = PBXBuildFile; fileRef = A94222391C9EC71E00197CA1 /* UIButton+AFNetworking.m */; };
		A942224F1C9EC71E00197CA1 /* UIImageView+AFNetworking.m in Sources */ = {isa = PBXBuildFile; fileRef = A942223C1C9EC71E00197CA1 /* UIImageView+AFNetworking.m */; };
		A94222501C9EC71E00197CA1 /* UIProgressView+AFNetworking.m in Sources */ = {isa = PBXBuildFile; fileRef = A942223F1C9EC71E00197CA1 /* UIProgressView+AFNetworking.m */; };
		A94222511C9EC71E00197CA1 /* UIRefreshControl+AFNetworking.m in Sources */ = {isa = PBXBuildFile; fileRef = A94222411C9EC71E00197CA1 /* UIRefreshControl+AFNetworking.m */; };
		A94222521C9EC71E00197CA1 /* UIWebView+AFNetworking.m in Sources */ = {isa = PBXBuildFile; fileRef = A94222431C9EC71E00197CA1 /* UIWebView+AFNetworking.m */; };
		A94222561C9ECC5900197CA1 /* FBSDKCoreKit.framework in Frameworks */ = {isa = PBXBuildFile; fileRef = A94222551C9ECC5900197CA1 /* FBSDKCoreKit.framework */; };
		A942225A1C9ECDB700197CA1 /* FBSDKLoginKit.framework in Frameworks */ = {isa = PBXBuildFile; fileRef = A94222591C9ECDB700197CA1 /* FBSDKLoginKit.framework */; };
		A942225D1C9F513700197CA1 /* LoginViewController.m in Sources */ = {isa = PBXBuildFile; fileRef = A942225C1C9F513700197CA1 /* LoginViewController.m */; };
		A96FC4321CA092630045BD43 /* Interface.storyboard in Resources */ = {isa = PBXBuildFile; fileRef = A96FC4301CA092630045BD43 /* Interface.storyboard */; };
		A96FC4341CA092630045BD43 /* Assets.xcassets in Resources */ = {isa = PBXBuildFile; fileRef = A96FC4331CA092630045BD43 /* Assets.xcassets */; };
		A96FC43B1CA092630045BD43 /* Onetrack Watch Extension.appex in Embed App Extensions */ = {isa = PBXBuildFile; fileRef = A96FC43A1CA092630045BD43 /* Onetrack Watch Extension.appex */; settings = {ATTRIBUTES = (RemoveHeadersOnCopy, ); }; };
		A96FC4411CA092630045BD43 /* InterfaceController.m in Sources */ = {isa = PBXBuildFile; fileRef = A96FC4401CA092630045BD43 /* InterfaceController.m */; };
		A96FC4441CA092630045BD43 /* ExtensionDelegate.m in Sources */ = {isa = PBXBuildFile; fileRef = A96FC4431CA092630045BD43 /* ExtensionDelegate.m */; };
		A96FC4461CA092630045BD43 /* Assets.xcassets in Resources */ = {isa = PBXBuildFile; fileRef = A96FC4451CA092630045BD43 /* Assets.xcassets */; };
		A96FC44A1CA092630045BD43 /* Onetrack Watch.app in Embed Watch Content */ = {isa = PBXBuildFile; fileRef = A96FC42E1CA092630045BD43 /* Onetrack Watch.app */; };
		A99D8B581CA0A91F009D3372 /* WatchTableCell.m in Sources */ = {isa = PBXBuildFile; fileRef = A99D8B571CA0A91F009D3372 /* WatchTableCell.m */; };
		A9D455B51C97E6E8001CACE3 /* CreateViewController.m in Sources */ = {isa = PBXBuildFile; fileRef = A9D455B41C97E6E8001CACE3 /* CreateViewController.m */; };
		A9D455B81C97E6F1001CACE3 /* DetailViewController.m in Sources */ = {isa = PBXBuildFile; fileRef = A9D455B71C97E6F1001CACE3 /* DetailViewController.m */; };
		A9D455F61C984DF3001CACE3 /* fontawesome-webfont.ttf in Resources */ = {isa = PBXBuildFile; fileRef = A9D455F51C984DCB001CACE3 /* fontawesome-webfont.ttf */; };
		A9D455F81C993CA2001CACE3 /* AudioToolbox.framework in Frameworks */ = {isa = PBXBuildFile; fileRef = A9D455F71C993CA2001CACE3 /* AudioToolbox.framework */; };
		A9F0F0E81C97858E00EB492A /* main.m in Sources */ = {isa = PBXBuildFile; fileRef = A9F0F0E71C97858E00EB492A /* main.m */; };
		A9F0F0EB1C97858E00EB492A /* AppDelegate.m in Sources */ = {isa = PBXBuildFile; fileRef = A9F0F0EA1C97858E00EB492A /* AppDelegate.m */; };
		A9F0F0F11C97858F00EB492A /* Main.storyboard in Resources */ = {isa = PBXBuildFile; fileRef = A9F0F0EF1C97858F00EB492A /* Main.storyboard */; };
		A9F0F0F31C97858F00EB492A /* Assets.xcassets in Resources */ = {isa = PBXBuildFile; fileRef = A9F0F0F21C97858F00EB492A /* Assets.xcassets */; };
		A9F0F0F61C97858F00EB492A /* LaunchScreen.storyboard in Resources */ = {isa = PBXBuildFile; fileRef = A9F0F0F41C97858F00EB492A /* LaunchScreen.storyboard */; };
		A9F0F1011C97858F00EB492A /* OnetrackTests.m in Sources */ = {isa = PBXBuildFile; fileRef = A9F0F1001C97858F00EB492A /* OnetrackTests.m */; };
		A9F0F10C1C97858F00EB492A /* OnetrackUITests.m in Sources */ = {isa = PBXBuildFile; fileRef = A9F0F10B1C97858F00EB492A /* OnetrackUITests.m */; };
		A9F0F11B1C97A30E00EB492A /* MainTableTableViewController.m in Sources */ = {isa = PBXBuildFile; fileRef = A9F0F11A1C97A30E00EB492A /* MainTableTableViewController.m */; };
/* End PBXBuildFile section */

/* Begin PBXContainerItemProxy section */
		A96FC43C1CA092630045BD43 /* PBXContainerItemProxy */ = {
			isa = PBXContainerItemProxy;
			containerPortal = A9F0F0DB1C97858E00EB492A /* Project object */;
			proxyType = 1;
			remoteGlobalIDString = A96FC4391CA092630045BD43;
			remoteInfo = "Onetrack Watch Extension";
		};
		A96FC4481CA092630045BD43 /* PBXContainerItemProxy */ = {
			isa = PBXContainerItemProxy;
			containerPortal = A9F0F0DB1C97858E00EB492A /* Project object */;
			proxyType = 1;
			remoteGlobalIDString = A96FC42D1CA092630045BD43;
			remoteInfo = "Onetrack Watch";
		};
		A9F0F0FD1C97858F00EB492A /* PBXContainerItemProxy */ = {
			isa = PBXContainerItemProxy;
			containerPortal = A9F0F0DB1C97858E00EB492A /* Project object */;
			proxyType = 1;
			remoteGlobalIDString = A9F0F0E21C97858E00EB492A;
			remoteInfo = Onetrack;
		};
		A9F0F1081C97858F00EB492A /* PBXContainerItemProxy */ = {
			isa = PBXContainerItemProxy;
			containerPortal = A9F0F0DB1C97858E00EB492A /* Project object */;
			proxyType = 1;
			remoteGlobalIDString = A9F0F0E21C97858E00EB492A;
			remoteInfo = Onetrack;
		};
/* End PBXContainerItemProxy section */

/* Begin PBXCopyFilesBuildPhase section */
		A96FC4501CA092630045BD43 /* Embed App Extensions */ = {
			isa = PBXCopyFilesBuildPhase;
			buildActionMask = 2147483647;
			dstPath = "";
			dstSubfolderSpec = 13;
			files = (
				A96FC43B1CA092630045BD43 /* Onetrack Watch Extension.appex in Embed App Extensions */,
			);
			name = "Embed App Extensions";
			runOnlyForDeploymentPostprocessing = 0;
		};
		A96FC4521CA092630045BD43 /* Embed Watch Content */ = {
			isa = PBXCopyFilesBuildPhase;
			buildActionMask = 2147483647;
			dstPath = "$(CONTENTS_FOLDER_PATH)/Watch";
			dstSubfolderSpec = 16;
			files = (
				A96FC44A1CA092630045BD43 /* Onetrack Watch.app in Embed Watch Content */,
			);
			name = "Embed Watch Content";
			runOnlyForDeploymentPostprocessing = 0;
		};
/* End PBXCopyFilesBuildPhase section */

/* Begin PBXFileReference section */
		6E077BB21D727AEB00626D6E /* PrefixHeader.pch */ = {isa = PBXFileReference; lastKnownFileType = sourcecode.c.h; path = PrefixHeader.pch; sourceTree = "<group>"; };
		A9245AD21D727E3D00836151 /* MyriadPro-Regular.otf */ = {isa = PBXFileReference; lastKnownFileType = file; path = "MyriadPro-Regular.otf"; sourceTree = "<group>"; };
		A925019C1C9DFB3A0031E97E /* NSMutableArray+JBStack.h */ = {isa = PBXFileReference; fileEncoding = 4; lastKnownFileType = sourcecode.c.h; path = "NSMutableArray+JBStack.h"; sourceTree = "<group>"; };
		A925019D1C9DFB3A0031E97E /* NSMutableArray+JBStack.m */ = {isa = PBXFileReference; fileEncoding = 4; lastKnownFileType = sourcecode.c.objc; path = "NSMutableArray+JBStack.m"; sourceTree = "<group>"; };
		A925019F1C9DFB3A0031E97E /* JBBarChartView.h */ = {isa = PBXFileReference; fileEncoding = 4; lastKnownFileType = sourcecode.c.h; path = JBBarChartView.h; sourceTree = "<group>"; };
		A92501A01C9DFB3A0031E97E /* JBBarChartView.m */ = {isa = PBXFileReference; fileEncoding = 4; lastKnownFileType = sourcecode.c.objc; path = JBBarChartView.m; sourceTree = "<group>"; };
		A92501A21C9DFB3A0031E97E /* JBGradientBarView.h */ = {isa = PBXFileReference; fileEncoding = 4; lastKnownFileType = sourcecode.c.h; path = JBGradientBarView.h; sourceTree = "<group>"; };
		A92501A31C9DFB3A0031E97E /* JBGradientBarView.m */ = {isa = PBXFileReference; fileEncoding = 4; lastKnownFileType = sourcecode.c.objc; path = JBGradientBarView.m; sourceTree = "<group>"; };
		A92501A51C9DFB3A0031E97E /* JBChartView.h */ = {isa = PBXFileReference; fileEncoding = 4; lastKnownFileType = sourcecode.c.h; path = JBChartView.h; sourceTree = "<group>"; };
		A92501A61C9DFB3A0031E97E /* JBChartView.m */ = {isa = PBXFileReference; fileEncoding = 4; lastKnownFileType = sourcecode.c.objc; path = JBChartView.m; sourceTree = "<group>"; };
		A92501A81C9DFB3A0031E97E /* JBLineChartView.h */ = {isa = PBXFileReference; fileEncoding = 4; lastKnownFileType = sourcecode.c.h; path = JBLineChartView.h; sourceTree = "<group>"; };
		A92501A91C9DFB3A0031E97E /* JBLineChartView.m */ = {isa = PBXFileReference; fileEncoding = 4; lastKnownFileType = sourcecode.c.objc; path = JBLineChartView.m; sourceTree = "<group>"; };
		A92501AB1C9DFB3A0031E97E /* JBGradientLineLayer.h */ = {isa = PBXFileReference; fileEncoding = 4; lastKnownFileType = sourcecode.c.h; path = JBGradientLineLayer.h; sourceTree = "<group>"; };
		A92501AC1C9DFB3A0031E97E /* JBGradientLineLayer.m */ = {isa = PBXFileReference; fileEncoding = 4; lastKnownFileType = sourcecode.c.objc; path = JBGradientLineLayer.m; sourceTree = "<group>"; };
		A92501AD1C9DFB3A0031E97E /* JBShapeLineLayer.h */ = {isa = PBXFileReference; fileEncoding = 4; lastKnownFileType = sourcecode.c.h; path = JBShapeLineLayer.h; sourceTree = "<group>"; };
		A92501AE1C9DFB3A0031E97E /* JBShapeLineLayer.m */ = {isa = PBXFileReference; fileEncoding = 4; lastKnownFileType = sourcecode.c.objc; path = JBShapeLineLayer.m; sourceTree = "<group>"; };
		A92501B01C9DFB3A0031E97E /* JBLineChartLine.h */ = {isa = PBXFileReference; fileEncoding = 4; lastKnownFileType = sourcecode.c.h; path = JBLineChartLine.h; sourceTree = "<group>"; };
		A92501B11C9DFB3A0031E97E /* JBLineChartLine.m */ = {isa = PBXFileReference; fileEncoding = 4; lastKnownFileType = sourcecode.c.objc; path = JBLineChartLine.m; sourceTree = "<group>"; };
		A92501B21C9DFB3A0031E97E /* JBLineChartPoint.h */ = {isa = PBXFileReference; fileEncoding = 4; lastKnownFileType = sourcecode.c.h; path = JBLineChartPoint.h; sourceTree = "<group>"; };
		A92501B31C9DFB3A0031E97E /* JBLineChartPoint.m */ = {isa = PBXFileReference; fileEncoding = 4; lastKnownFileType = sourcecode.c.objc; path = JBLineChartPoint.m; sourceTree = "<group>"; };
		A92501B51C9DFB3A0031E97E /* JBLineChartDotsView.h */ = {isa = PBXFileReference; fileEncoding = 4; lastKnownFileType = sourcecode.c.h; path = JBLineChartDotsView.h; sourceTree = "<group>"; };
		A92501B61C9DFB3A0031E97E /* JBLineChartDotsView.m */ = {isa = PBXFileReference; fileEncoding = 4; lastKnownFileType = sourcecode.c.objc; path = JBLineChartDotsView.m; sourceTree = "<group>"; };
		A92501B71C9DFB3A0031E97E /* JBLineChartDotView.h */ = {isa = PBXFileReference; fileEncoding = 4; lastKnownFileType = sourcecode.c.h; path = JBLineChartDotView.h; sourceTree = "<group>"; };
		A92501B81C9DFB3A0031E97E /* JBLineChartDotView.m */ = {isa = PBXFileReference; fileEncoding = 4; lastKnownFileType = sourcecode.c.objc; path = JBLineChartDotView.m; sourceTree = "<group>"; };
		A92501B91C9DFB3A0031E97E /* JBLineChartLinesView.h */ = {isa = PBXFileReference; fileEncoding = 4; lastKnownFileType = sourcecode.c.h; path = JBLineChartLinesView.h; sourceTree = "<group>"; };
		A92501BA1C9DFB3A0031E97E /* JBLineChartLinesView.m */ = {isa = PBXFileReference; fileEncoding = 4; lastKnownFileType = sourcecode.c.objc; path = JBLineChartLinesView.m; sourceTree = "<group>"; };
		A928CBCB1D759E56001EF68E /* EditViewController.h */ = {isa = PBXFileReference; fileEncoding = 4; lastKnownFileType = sourcecode.c.h; path = EditViewController.h; sourceTree = "<group>"; };
		A928CBCC1D759E56001EF68E /* EditViewController.m */ = {isa = PBXFileReference; fileEncoding = 4; lastKnownFileType = sourcecode.c.objc; path = EditViewController.m; sourceTree = "<group>"; };
		A92DD2C71D69992600F5C3CC /* OneTrackTableViewCell.h */ = {isa = PBXFileReference; fileEncoding = 4; lastKnownFileType = sourcecode.c.h; path = OneTrackTableViewCell.h; sourceTree = "<group>"; };
		A92DD2C81D69992600F5C3CC /* OneTrackTableViewCell.m */ = {isa = PBXFileReference; fileEncoding = 4; lastKnownFileType = sourcecode.c.objc; path = OneTrackTableViewCell.m; sourceTree = "<group>"; };
		A92DD2CA1D699D1200F5C3CC /* MyriadPro-Bold.otf */ = {isa = PBXFileReference; lastKnownFileType = file; path = "MyriadPro-Bold.otf"; sourceTree = "<group>"; };
		A94221E51C9EBB9400197CA1 /* AppModel.h */ = {isa = PBXFileReference; fileEncoding = 4; lastKnownFileType = sourcecode.c.h; path = AppModel.h; sourceTree = "<group>"; };
		A94221E61C9EBB9400197CA1 /* AppModel.m */ = {isa = PBXFileReference; fileEncoding = 4; lastKnownFileType = sourcecode.c.objc; path = AppModel.m; sourceTree = "<group>"; };
		A94222221C9EC71E00197CA1 /* AFHTTPSessionManager.h */ = {isa = PBXFileReference; fileEncoding = 4; lastKnownFileType = sourcecode.c.h; path = AFHTTPSessionManager.h; sourceTree = "<group>"; };
		A94222231C9EC71E00197CA1 /* AFHTTPSessionManager.m */ = {isa = PBXFileReference; fileEncoding = 4; lastKnownFileType = sourcecode.c.objc; path = AFHTTPSessionManager.m; sourceTree = "<group>"; };
		A94222241C9EC71E00197CA1 /* AFNetworking.h */ = {isa = PBXFileReference; fileEncoding = 4; lastKnownFileType = sourcecode.c.h; path = AFNetworking.h; sourceTree = "<group>"; };
		A94222251C9EC71E00197CA1 /* AFNetworkReachabilityManager.h */ = {isa = PBXFileReference; fileEncoding = 4; lastKnownFileType = sourcecode.c.h; path = AFNetworkReachabilityManager.h; sourceTree = "<group>"; };
		A94222261C9EC71E00197CA1 /* AFNetworkReachabilityManager.m */ = {isa = PBXFileReference; fileEncoding = 4; lastKnownFileType = sourcecode.c.objc; path = AFNetworkReachabilityManager.m; sourceTree = "<group>"; };
		A94222271C9EC71E00197CA1 /* AFSecurityPolicy.h */ = {isa = PBXFileReference; fileEncoding = 4; lastKnownFileType = sourcecode.c.h; path = AFSecurityPolicy.h; sourceTree = "<group>"; };
		A94222281C9EC71E00197CA1 /* AFSecurityPolicy.m */ = {isa = PBXFileReference; fileEncoding = 4; lastKnownFileType = sourcecode.c.objc; path = AFSecurityPolicy.m; sourceTree = "<group>"; };
		A94222291C9EC71E00197CA1 /* AFURLRequestSerialization.h */ = {isa = PBXFileReference; fileEncoding = 4; lastKnownFileType = sourcecode.c.h; path = AFURLRequestSerialization.h; sourceTree = "<group>"; };
		A942222A1C9EC71E00197CA1 /* AFURLRequestSerialization.m */ = {isa = PBXFileReference; fileEncoding = 4; lastKnownFileType = sourcecode.c.objc; path = AFURLRequestSerialization.m; sourceTree = "<group>"; };
		A942222B1C9EC71E00197CA1 /* AFURLResponseSerialization.h */ = {isa = PBXFileReference; fileEncoding = 4; lastKnownFileType = sourcecode.c.h; path = AFURLResponseSerialization.h; sourceTree = "<group>"; };
		A942222C1C9EC71E00197CA1 /* AFURLResponseSerialization.m */ = {isa = PBXFileReference; fileEncoding = 4; lastKnownFileType = sourcecode.c.objc; path = AFURLResponseSerialization.m; sourceTree = "<group>"; };
		A942222D1C9EC71E00197CA1 /* AFURLSessionManager.h */ = {isa = PBXFileReference; fileEncoding = 4; lastKnownFileType = sourcecode.c.h; path = AFURLSessionManager.h; sourceTree = "<group>"; };
		A942222E1C9EC71E00197CA1 /* AFURLSessionManager.m */ = {isa = PBXFileReference; fileEncoding = 4; lastKnownFileType = sourcecode.c.objc; path = AFURLSessionManager.m; sourceTree = "<group>"; };
		A94222301C9EC71E00197CA1 /* AFAutoPurgingImageCache.h */ = {isa = PBXFileReference; fileEncoding = 4; lastKnownFileType = sourcecode.c.h; path = AFAutoPurgingImageCache.h; sourceTree = "<group>"; };
		A94222311C9EC71E00197CA1 /* AFAutoPurgingImageCache.m */ = {isa = PBXFileReference; fileEncoding = 4; lastKnownFileType = sourcecode.c.objc; path = AFAutoPurgingImageCache.m; sourceTree = "<group>"; };
		A94222321C9EC71E00197CA1 /* AFImageDownloader.h */ = {isa = PBXFileReference; fileEncoding = 4; lastKnownFileType = sourcecode.c.h; path = AFImageDownloader.h; sourceTree = "<group>"; };
		A94222331C9EC71E00197CA1 /* AFImageDownloader.m */ = {isa = PBXFileReference; fileEncoding = 4; lastKnownFileType = sourcecode.c.objc; path = AFImageDownloader.m; sourceTree = "<group>"; };
		A94222341C9EC71E00197CA1 /* AFNetworkActivityIndicatorManager.h */ = {isa = PBXFileReference; fileEncoding = 4; lastKnownFileType = sourcecode.c.h; path = AFNetworkActivityIndicatorManager.h; sourceTree = "<group>"; };
		A94222351C9EC71E00197CA1 /* AFNetworkActivityIndicatorManager.m */ = {isa = PBXFileReference; fileEncoding = 4; lastKnownFileType = sourcecode.c.objc; path = AFNetworkActivityIndicatorManager.m; sourceTree = "<group>"; };
		A94222361C9EC71E00197CA1 /* UIActivityIndicatorView+AFNetworking.h */ = {isa = PBXFileReference; fileEncoding = 4; lastKnownFileType = sourcecode.c.h; path = "UIActivityIndicatorView+AFNetworking.h"; sourceTree = "<group>"; };
		A94222371C9EC71E00197CA1 /* UIActivityIndicatorView+AFNetworking.m */ = {isa = PBXFileReference; fileEncoding = 4; lastKnownFileType = sourcecode.c.objc; path = "UIActivityIndicatorView+AFNetworking.m"; sourceTree = "<group>"; };
		A94222381C9EC71E00197CA1 /* UIButton+AFNetworking.h */ = {isa = PBXFileReference; fileEncoding = 4; lastKnownFileType = sourcecode.c.h; path = "UIButton+AFNetworking.h"; sourceTree = "<group>"; };
		A94222391C9EC71E00197CA1 /* UIButton+AFNetworking.m */ = {isa = PBXFileReference; fileEncoding = 4; lastKnownFileType = sourcecode.c.objc; path = "UIButton+AFNetworking.m"; sourceTree = "<group>"; };
		A942223A1C9EC71E00197CA1 /* UIImage+AFNetworking.h */ = {isa = PBXFileReference; fileEncoding = 4; lastKnownFileType = sourcecode.c.h; path = "UIImage+AFNetworking.h"; sourceTree = "<group>"; };
		A942223B1C9EC71E00197CA1 /* UIImageView+AFNetworking.h */ = {isa = PBXFileReference; fileEncoding = 4; lastKnownFileType = sourcecode.c.h; path = "UIImageView+AFNetworking.h"; sourceTree = "<group>"; };
		A942223C1C9EC71E00197CA1 /* UIImageView+AFNetworking.m */ = {isa = PBXFileReference; fileEncoding = 4; lastKnownFileType = sourcecode.c.objc; path = "UIImageView+AFNetworking.m"; sourceTree = "<group>"; };
		A942223D1C9EC71E00197CA1 /* UIKit+AFNetworking.h */ = {isa = PBXFileReference; fileEncoding = 4; lastKnownFileType = sourcecode.c.h; path = "UIKit+AFNetworking.h"; sourceTree = "<group>"; };
		A942223E1C9EC71E00197CA1 /* UIProgressView+AFNetworking.h */ = {isa = PBXFileReference; fileEncoding = 4; lastKnownFileType = sourcecode.c.h; path = "UIProgressView+AFNetworking.h"; sourceTree = "<group>"; };
		A942223F1C9EC71E00197CA1 /* UIProgressView+AFNetworking.m */ = {isa = PBXFileReference; fileEncoding = 4; lastKnownFileType = sourcecode.c.objc; path = "UIProgressView+AFNetworking.m"; sourceTree = "<group>"; };
		A94222401C9EC71E00197CA1 /* UIRefreshControl+AFNetworking.h */ = {isa = PBXFileReference; fileEncoding = 4; lastKnownFileType = sourcecode.c.h; path = "UIRefreshControl+AFNetworking.h"; sourceTree = "<group>"; };
		A94222411C9EC71E00197CA1 /* UIRefreshControl+AFNetworking.m */ = {isa = PBXFileReference; fileEncoding = 4; lastKnownFileType = sourcecode.c.objc; path = "UIRefreshControl+AFNetworking.m"; sourceTree = "<group>"; };
		A94222421C9EC71E00197CA1 /* UIWebView+AFNetworking.h */ = {isa = PBXFileReference; fileEncoding = 4; lastKnownFileType = sourcecode.c.h; path = "UIWebView+AFNetworking.h"; sourceTree = "<group>"; };
		A94222431C9EC71E00197CA1 /* UIWebView+AFNetworking.m */ = {isa = PBXFileReference; fileEncoding = 4; lastKnownFileType = sourcecode.c.objc; path = "UIWebView+AFNetworking.m"; sourceTree = "<group>"; };
		A94222551C9ECC5900197CA1 /* FBSDKCoreKit.framework */ = {isa = PBXFileReference; lastKnownFileType = wrapper.framework; name = FBSDKCoreKit.framework; path = ../../../../Documents/FacebookSDKs/FBSDKCoreKit.framework; sourceTree = "<group>"; };
		A94222591C9ECDB700197CA1 /* FBSDKLoginKit.framework */ = {isa = PBXFileReference; lastKnownFileType = wrapper.framework; path = FBSDKLoginKit.framework; sourceTree = "<group>"; };
		A942225B1C9F513700197CA1 /* LoginViewController.h */ = {isa = PBXFileReference; fileEncoding = 4; lastKnownFileType = sourcecode.c.h; path = LoginViewController.h; sourceTree = "<group>"; };
		A942225C1C9F513700197CA1 /* LoginViewController.m */ = {isa = PBXFileReference; fileEncoding = 4; lastKnownFileType = sourcecode.c.objc; path = LoginViewController.m; sourceTree = "<group>"; };
		A96FC42E1CA092630045BD43 /* Onetrack Watch.app */ = {isa = PBXFileReference; explicitFileType = wrapper.application; includeInIndex = 0; path = "Onetrack Watch.app"; sourceTree = BUILT_PRODUCTS_DIR; };
		A96FC4311CA092630045BD43 /* Base */ = {isa = PBXFileReference; lastKnownFileType = file.storyboard; name = Base; path = Base.lproj/Interface.storyboard; sourceTree = "<group>"; };
		A96FC4331CA092630045BD43 /* Assets.xcassets */ = {isa = PBXFileReference; lastKnownFileType = folder.assetcatalog; path = Assets.xcassets; sourceTree = "<group>"; };
		A96FC4351CA092630045BD43 /* Info.plist */ = {isa = PBXFileReference; lastKnownFileType = text.plist.xml; path = Info.plist; sourceTree = "<group>"; };
		A96FC43A1CA092630045BD43 /* Onetrack Watch Extension.appex */ = {isa = PBXFileReference; explicitFileType = "wrapper.app-extension"; includeInIndex = 0; path = "Onetrack Watch Extension.appex"; sourceTree = BUILT_PRODUCTS_DIR; };
		A96FC43F1CA092630045BD43 /* InterfaceController.h */ = {isa = PBXFileReference; lastKnownFileType = sourcecode.c.h; path = InterfaceController.h; sourceTree = "<group>"; };
		A96FC4401CA092630045BD43 /* InterfaceController.m */ = {isa = PBXFileReference; lastKnownFileType = sourcecode.c.objc; path = InterfaceController.m; sourceTree = "<group>"; };
		A96FC4421CA092630045BD43 /* ExtensionDelegate.h */ = {isa = PBXFileReference; lastKnownFileType = sourcecode.c.h; path = ExtensionDelegate.h; sourceTree = "<group>"; };
		A96FC4431CA092630045BD43 /* ExtensionDelegate.m */ = {isa = PBXFileReference; lastKnownFileType = sourcecode.c.objc; path = ExtensionDelegate.m; sourceTree = "<group>"; };
		A96FC4451CA092630045BD43 /* Assets.xcassets */ = {isa = PBXFileReference; lastKnownFileType = folder.assetcatalog; path = Assets.xcassets; sourceTree = "<group>"; };
		A96FC4471CA092630045BD43 /* Info.plist */ = {isa = PBXFileReference; lastKnownFileType = text.plist.xml; path = Info.plist; sourceTree = "<group>"; };
		A99D8B561CA0A91F009D3372 /* WatchTableCell.h */ = {isa = PBXFileReference; fileEncoding = 4; lastKnownFileType = sourcecode.c.h; path = WatchTableCell.h; sourceTree = "<group>"; };
		A99D8B571CA0A91F009D3372 /* WatchTableCell.m */ = {isa = PBXFileReference; fileEncoding = 4; lastKnownFileType = sourcecode.c.objc; path = WatchTableCell.m; sourceTree = "<group>"; };
		A9D455B31C97E6E8001CACE3 /* CreateViewController.h */ = {isa = PBXFileReference; fileEncoding = 4; lastKnownFileType = sourcecode.c.h; path = CreateViewController.h; sourceTree = "<group>"; };
		A9D455B41C97E6E8001CACE3 /* CreateViewController.m */ = {isa = PBXFileReference; fileEncoding = 4; lastKnownFileType = sourcecode.c.objc; path = CreateViewController.m; sourceTree = "<group>"; };
		A9D455B61C97E6F1001CACE3 /* DetailViewController.h */ = {isa = PBXFileReference; fileEncoding = 4; lastKnownFileType = sourcecode.c.h; path = DetailViewController.h; sourceTree = "<group>"; };
		A9D455B71C97E6F1001CACE3 /* DetailViewController.m */ = {isa = PBXFileReference; fileEncoding = 4; lastKnownFileType = sourcecode.c.objc; path = DetailViewController.m; sourceTree = "<group>"; };
		A9D455F51C984DCB001CACE3 /* fontawesome-webfont.ttf */ = {isa = PBXFileReference; lastKnownFileType = file; path = "fontawesome-webfont.ttf"; sourceTree = "<group>"; };
		A9D455F71C993CA2001CACE3 /* AudioToolbox.framework */ = {isa = PBXFileReference; lastKnownFileType = wrapper.framework; name = AudioToolbox.framework; path = System/Library/Frameworks/AudioToolbox.framework; sourceTree = SDKROOT; };
		A9F0F0E31C97858E00EB492A /* Onetrack.app */ = {isa = PBXFileReference; explicitFileType = wrapper.application; includeInIndex = 0; path = Onetrack.app; sourceTree = BUILT_PRODUCTS_DIR; };
		A9F0F0E71C97858E00EB492A /* main.m */ = {isa = PBXFileReference; lastKnownFileType = sourcecode.c.objc; path = main.m; sourceTree = "<group>"; };
		A9F0F0E91C97858E00EB492A /* AppDelegate.h */ = {isa = PBXFileReference; lastKnownFileType = sourcecode.c.h; path = AppDelegate.h; sourceTree = "<group>"; };
		A9F0F0EA1C97858E00EB492A /* AppDelegate.m */ = {isa = PBXFileReference; lastKnownFileType = sourcecode.c.objc; path = AppDelegate.m; sourceTree = "<group>"; };
		A9F0F0F01C97858F00EB492A /* Base */ = {isa = PBXFileReference; lastKnownFileType = file.storyboard; name = Base; path = Base.lproj/Main.storyboard; sourceTree = "<group>"; };
		A9F0F0F21C97858F00EB492A /* Assets.xcassets */ = {isa = PBXFileReference; lastKnownFileType = folder.assetcatalog; path = Assets.xcassets; sourceTree = "<group>"; };
		A9F0F0F51C97858F00EB492A /* Base */ = {isa = PBXFileReference; lastKnownFileType = file.storyboard; name = Base; path = Base.lproj/LaunchScreen.storyboard; sourceTree = "<group>"; };
		A9F0F0F71C97858F00EB492A /* Info.plist */ = {isa = PBXFileReference; lastKnownFileType = text.plist.xml; path = Info.plist; sourceTree = "<group>"; };
		A9F0F0FC1C97858F00EB492A /* OnetrackTests.xctest */ = {isa = PBXFileReference; explicitFileType = wrapper.cfbundle; includeInIndex = 0; path = OnetrackTests.xctest; sourceTree = BUILT_PRODUCTS_DIR; };
		A9F0F1001C97858F00EB492A /* OnetrackTests.m */ = {isa = PBXFileReference; lastKnownFileType = sourcecode.c.objc; path = OnetrackTests.m; sourceTree = "<group>"; };
		A9F0F1021C97858F00EB492A /* Info.plist */ = {isa = PBXFileReference; lastKnownFileType = text.plist.xml; path = Info.plist; sourceTree = "<group>"; };
		A9F0F1071C97858F00EB492A /* OnetrackUITests.xctest */ = {isa = PBXFileReference; explicitFileType = wrapper.cfbundle; includeInIndex = 0; path = OnetrackUITests.xctest; sourceTree = BUILT_PRODUCTS_DIR; };
		A9F0F10B1C97858F00EB492A /* OnetrackUITests.m */ = {isa = PBXFileReference; lastKnownFileType = sourcecode.c.objc; path = OnetrackUITests.m; sourceTree = "<group>"; };
		A9F0F10D1C97858F00EB492A /* Info.plist */ = {isa = PBXFileReference; lastKnownFileType = text.plist.xml; path = Info.plist; sourceTree = "<group>"; };
		A9F0F1191C97A30E00EB492A /* MainTableTableViewController.h */ = {isa = PBXFileReference; fileEncoding = 4; lastKnownFileType = sourcecode.c.h; path = MainTableTableViewController.h; sourceTree = "<group>"; };
		A9F0F11A1C97A30E00EB492A /* MainTableTableViewController.m */ = {isa = PBXFileReference; fileEncoding = 4; lastKnownFileType = sourcecode.c.objc; path = MainTableTableViewController.m; sourceTree = "<group>"; };
/* End PBXFileReference section */

/* Begin PBXFrameworksBuildPhase section */
		A96FC4371CA092630045BD43 /* Frameworks */ = {
			isa = PBXFrameworksBuildPhase;
			buildActionMask = 2147483647;
			files = (
			);
			runOnlyForDeploymentPostprocessing = 0;
		};
		A9F0F0E01C97858E00EB492A /* Frameworks */ = {
			isa = PBXFrameworksBuildPhase;
			buildActionMask = 2147483647;
			files = (
				A9D455F81C993CA2001CACE3 /* AudioToolbox.framework in Frameworks */,
				A94222561C9ECC5900197CA1 /* FBSDKCoreKit.framework in Frameworks */,
				A942225A1C9ECDB700197CA1 /* FBSDKLoginKit.framework in Frameworks */,
			);
			runOnlyForDeploymentPostprocessing = 0;
		};
		A9F0F0F91C97858F00EB492A /* Frameworks */ = {
			isa = PBXFrameworksBuildPhase;
			buildActionMask = 2147483647;
			files = (
			);
			runOnlyForDeploymentPostprocessing = 0;
		};
		A9F0F1041C97858F00EB492A /* Frameworks */ = {
			isa = PBXFrameworksBuildPhase;
			buildActionMask = 2147483647;
			files = (
			);
			runOnlyForDeploymentPostprocessing = 0;
		};
/* End PBXFrameworksBuildPhase section */

/* Begin PBXGroup section */
		A925019A1C9DFB3A0031E97E /* Classes */ = {
			isa = PBXGroup;
			children = (
				A925019B1C9DFB3A0031E97E /* Additions */,
				A925019E1C9DFB3A0031E97E /* Bar */,
				A92501A41C9DFB3A0031E97E /* Base */,
				A92501A71C9DFB3A0031E97E /* Line */,
			);
			path = Classes;
			sourceTree = "<group>";
		};
		A925019B1C9DFB3A0031E97E /* Additions */ = {
			isa = PBXGroup;
			children = (
				A925019C1C9DFB3A0031E97E /* NSMutableArray+JBStack.h */,
				A925019D1C9DFB3A0031E97E /* NSMutableArray+JBStack.m */,
			);
			path = Additions;
			sourceTree = "<group>";
		};
		A925019E1C9DFB3A0031E97E /* Bar */ = {
			isa = PBXGroup;
			children = (
				A925019F1C9DFB3A0031E97E /* JBBarChartView.h */,
				A92501A01C9DFB3A0031E97E /* JBBarChartView.m */,
				A92501A11C9DFB3A0031E97E /* Views */,
			);
			path = Bar;
			sourceTree = "<group>";
		};
		A92501A11C9DFB3A0031E97E /* Views */ = {
			isa = PBXGroup;
			children = (
				A92501A21C9DFB3A0031E97E /* JBGradientBarView.h */,
				A92501A31C9DFB3A0031E97E /* JBGradientBarView.m */,
			);
			path = Views;
			sourceTree = "<group>";
		};
		A92501A41C9DFB3A0031E97E /* Base */ = {
			isa = PBXGroup;
			children = (
				A92501A51C9DFB3A0031E97E /* JBChartView.h */,
				A92501A61C9DFB3A0031E97E /* JBChartView.m */,
			);
			path = Base;
			sourceTree = "<group>";
		};
		A92501A71C9DFB3A0031E97E /* Line */ = {
			isa = PBXGroup;
			children = (
				A92501A81C9DFB3A0031E97E /* JBLineChartView.h */,
				A92501A91C9DFB3A0031E97E /* JBLineChartView.m */,
				A92501AA1C9DFB3A0031E97E /* Layers */,
				A92501AF1C9DFB3A0031E97E /* Models */,
				A92501B41C9DFB3A0031E97E /* Views */,
			);
			path = Line;
			sourceTree = "<group>";
		};
		A92501AA1C9DFB3A0031E97E /* Layers */ = {
			isa = PBXGroup;
			children = (
				A92501AB1C9DFB3A0031E97E /* JBGradientLineLayer.h */,
				A92501AC1C9DFB3A0031E97E /* JBGradientLineLayer.m */,
				A92501AD1C9DFB3A0031E97E /* JBShapeLineLayer.h */,
				A92501AE1C9DFB3A0031E97E /* JBShapeLineLayer.m */,
			);
			path = Layers;
			sourceTree = "<group>";
		};
		A92501AF1C9DFB3A0031E97E /* Models */ = {
			isa = PBXGroup;
			children = (
				A92501B01C9DFB3A0031E97E /* JBLineChartLine.h */,
				A92501B11C9DFB3A0031E97E /* JBLineChartLine.m */,
				A92501B21C9DFB3A0031E97E /* JBLineChartPoint.h */,
				A92501B31C9DFB3A0031E97E /* JBLineChartPoint.m */,
			);
			path = Models;
			sourceTree = "<group>";
		};
		A92501B41C9DFB3A0031E97E /* Views */ = {
			isa = PBXGroup;
			children = (
				A92501B51C9DFB3A0031E97E /* JBLineChartDotsView.h */,
				A92501B61C9DFB3A0031E97E /* JBLineChartDotsView.m */,
				A92501B71C9DFB3A0031E97E /* JBLineChartDotView.h */,
				A92501B81C9DFB3A0031E97E /* JBLineChartDotView.m */,
				A92501B91C9DFB3A0031E97E /* JBLineChartLinesView.h */,
				A92501BA1C9DFB3A0031E97E /* JBLineChartLinesView.m */,
			);
			path = Views;
			sourceTree = "<group>";
		};
		A92DD2C61D69990100F5C3CC /* Views */ = {
			isa = PBXGroup;
			children = (
				A92DD2C71D69992600F5C3CC /* OneTrackTableViewCell.h */,
				A92DD2C81D69992600F5C3CC /* OneTrackTableViewCell.m */,
			);
			name = Views;
			sourceTree = "<group>";
		};
		A94221E31C9EBB6500197CA1 /* Controllers */ = {
			isa = PBXGroup;
			children = (
				A9F0F1191C97A30E00EB492A /* MainTableTableViewController.h */,
				A9F0F11A1C97A30E00EB492A /* MainTableTableViewController.m */,
				A9D455B31C97E6E8001CACE3 /* CreateViewController.h */,
				A9D455B41C97E6E8001CACE3 /* CreateViewController.m */,
				A9D455B61C97E6F1001CACE3 /* DetailViewController.h */,
				A9D455B71C97E6F1001CACE3 /* DetailViewController.m */,
				A942225B1C9F513700197CA1 /* LoginViewController.h */,
				A942225C1C9F513700197CA1 /* LoginViewController.m */,
				A928CBCB1D759E56001EF68E /* EditViewController.h */,
				A928CBCC1D759E56001EF68E /* EditViewController.m */,
			);
			name = Controllers;
			sourceTree = "<group>";
		};
		A94221E41C9EBB7F00197CA1 /* Models */ = {
			isa = PBXGroup;
			children = (
				A94221E51C9EBB9400197CA1 /* AppModel.h */,
				A94221E61C9EBB9400197CA1 /* AppModel.m */,
			);
			name = Models;
			sourceTree = "<group>";
		};
		A94222201C9EC70600197CA1 /* AFNetworking */ = {
			isa = PBXGroup;
			children = (
				A94222211C9EC71E00197CA1 /* AFNetworking */,
				A942222F1C9EC71E00197CA1 /* UIKit+AFNetworking */,
			);
			name = AFNetworking;
			sourceTree = "<group>";
		};
		A94222211C9EC71E00197CA1 /* AFNetworking */ = {
			isa = PBXGroup;
			children = (
				A94222221C9EC71E00197CA1 /* AFHTTPSessionManager.h */,
				A94222231C9EC71E00197CA1 /* AFHTTPSessionManager.m */,
				A94222241C9EC71E00197CA1 /* AFNetworking.h */,
				A94222251C9EC71E00197CA1 /* AFNetworkReachabilityManager.h */,
				A94222261C9EC71E00197CA1 /* AFNetworkReachabilityManager.m */,
				A94222271C9EC71E00197CA1 /* AFSecurityPolicy.h */,
				A94222281C9EC71E00197CA1 /* AFSecurityPolicy.m */,
				A94222291C9EC71E00197CA1 /* AFURLRequestSerialization.h */,
				A942222A1C9EC71E00197CA1 /* AFURLRequestSerialization.m */,
				A942222B1C9EC71E00197CA1 /* AFURLResponseSerialization.h */,
				A942222C1C9EC71E00197CA1 /* AFURLResponseSerialization.m */,
				A942222D1C9EC71E00197CA1 /* AFURLSessionManager.h */,
				A942222E1C9EC71E00197CA1 /* AFURLSessionManager.m */,
			);
			path = AFNetworking;
			sourceTree = "<group>";
		};
		A942222F1C9EC71E00197CA1 /* UIKit+AFNetworking */ = {
			isa = PBXGroup;
			children = (
				A94222301C9EC71E00197CA1 /* AFAutoPurgingImageCache.h */,
				A94222311C9EC71E00197CA1 /* AFAutoPurgingImageCache.m */,
				A94222321C9EC71E00197CA1 /* AFImageDownloader.h */,
				A94222331C9EC71E00197CA1 /* AFImageDownloader.m */,
				A94222341C9EC71E00197CA1 /* AFNetworkActivityIndicatorManager.h */,
				A94222351C9EC71E00197CA1 /* AFNetworkActivityIndicatorManager.m */,
				A94222361C9EC71E00197CA1 /* UIActivityIndicatorView+AFNetworking.h */,
				A94222371C9EC71E00197CA1 /* UIActivityIndicatorView+AFNetworking.m */,
				A94222381C9EC71E00197CA1 /* UIButton+AFNetworking.h */,
				A94222391C9EC71E00197CA1 /* UIButton+AFNetworking.m */,
				A942223A1C9EC71E00197CA1 /* UIImage+AFNetworking.h */,
				A942223B1C9EC71E00197CA1 /* UIImageView+AFNetworking.h */,
				A942223C1C9EC71E00197CA1 /* UIImageView+AFNetworking.m */,
				A942223D1C9EC71E00197CA1 /* UIKit+AFNetworking.h */,
				A942223E1C9EC71E00197CA1 /* UIProgressView+AFNetworking.h */,
				A942223F1C9EC71E00197CA1 /* UIProgressView+AFNetworking.m */,
				A94222401C9EC71E00197CA1 /* UIRefreshControl+AFNetworking.h */,
				A94222411C9EC71E00197CA1 /* UIRefreshControl+AFNetworking.m */,
				A94222421C9EC71E00197CA1 /* UIWebView+AFNetworking.h */,
				A94222431C9EC71E00197CA1 /* UIWebView+AFNetworking.m */,
			);
			path = "UIKit+AFNetworking";
			sourceTree = "<group>";
		};
		A96FC42F1CA092630045BD43 /* Onetrack Watch */ = {
			isa = PBXGroup;
			children = (
				A96FC4301CA092630045BD43 /* Interface.storyboard */,
				A96FC4331CA092630045BD43 /* Assets.xcassets */,
				A96FC4351CA092630045BD43 /* Info.plist */,
			);
			path = "Onetrack Watch";
			sourceTree = "<group>";
		};
		A96FC43E1CA092630045BD43 /* Onetrack Watch Extension */ = {
			isa = PBXGroup;
			children = (
				A96FC43F1CA092630045BD43 /* InterfaceController.h */,
				A96FC4401CA092630045BD43 /* InterfaceController.m */,
				A96FC4421CA092630045BD43 /* ExtensionDelegate.h */,
				A96FC4431CA092630045BD43 /* ExtensionDelegate.m */,
				A96FC4451CA092630045BD43 /* Assets.xcassets */,
				A96FC4471CA092630045BD43 /* Info.plist */,
				A99D8B561CA0A91F009D3372 /* WatchTableCell.h */,
				A99D8B571CA0A91F009D3372 /* WatchTableCell.m */,
			);
			path = "Onetrack Watch Extension";
			sourceTree = "<group>";
		};
		A9D455C31C9830A5001CACE3 /* Lib */ = {
			isa = PBXGroup;
			children = (
				A94222201C9EC70600197CA1 /* AFNetworking */,
				A925019A1C9DFB3A0031E97E /* Classes */,
				A9D455F51C984DCB001CACE3 /* fontawesome-webfont.ttf */,
			);
			name = Lib;
			sourceTree = "<group>";
		};
		A9F0F0DA1C97858E00EB492A = {
			isa = PBXGroup;
			children = (
				A9245AD21D727E3D00836151 /* MyriadPro-Regular.otf */,
				A92DD2CA1D699D1200F5C3CC /* MyriadPro-Bold.otf */,
				A94222591C9ECDB700197CA1 /* FBSDKLoginKit.framework */,
				A94222551C9ECC5900197CA1 /* FBSDKCoreKit.framework */,
				A9D455F71C993CA2001CACE3 /* AudioToolbox.framework */,
				A9F0F0E51C97858E00EB492A /* Onetrack */,
				A9F0F0FF1C97858F00EB492A /* OnetrackTests */,
				A9F0F10A1C97858F00EB492A /* OnetrackUITests */,
				A96FC42F1CA092630045BD43 /* Onetrack Watch */,
				A96FC43E1CA092630045BD43 /* Onetrack Watch Extension */,
				A9F0F0E41C97858E00EB492A /* Products */,
			);
			sourceTree = "<group>";
		};
		A9F0F0E41C97858E00EB492A /* Products */ = {
			isa = PBXGroup;
			children = (
				A9F0F0E31C97858E00EB492A /* Onetrack.app */,
				A9F0F0FC1C97858F00EB492A /* OnetrackTests.xctest */,
				A9F0F1071C97858F00EB492A /* OnetrackUITests.xctest */,
				A96FC42E1CA092630045BD43 /* Onetrack Watch.app */,
				A96FC43A1CA092630045BD43 /* Onetrack Watch Extension.appex */,
			);
			name = Products;
			sourceTree = "<group>";
		};
		A9F0F0E51C97858E00EB492A /* Onetrack */ = {
			isa = PBXGroup;
			children = (
				A9D455C31C9830A5001CACE3 /* Lib */,
				A94221E41C9EBB7F00197CA1 /* Models */,
				A92DD2C61D69990100F5C3CC /* Views */,
				A94221E31C9EBB6500197CA1 /* Controllers */,
				A9F0F0E61C97858E00EB492A /* Supporting Files */,
			);
			path = Onetrack;
			sourceTree = "<group>";
		};
		A9F0F0E61C97858E00EB492A /* Supporting Files */ = {
			isa = PBXGroup;
			children = (
				A9F0F0F21C97858F00EB492A /* Assets.xcassets */,
				A9F0F0F71C97858F00EB492A /* Info.plist */,
				A9F0F0F41C97858F00EB492A /* LaunchScreen.storyboard */,
				A9F0F0EF1C97858F00EB492A /* Main.storyboard */,
				A9F0F0E91C97858E00EB492A /* AppDelegate.h */,
				A9F0F0EA1C97858E00EB492A /* AppDelegate.m */,
				A9F0F0E71C97858E00EB492A /* main.m */,
				6E077BB21D727AEB00626D6E /* PrefixHeader.pch */,
			);
			name = "Supporting Files";
			sourceTree = "<group>";
		};
		A9F0F0FF1C97858F00EB492A /* OnetrackTests */ = {
			isa = PBXGroup;
			children = (
				A9F0F1001C97858F00EB492A /* OnetrackTests.m */,
				A9F0F1021C97858F00EB492A /* Info.plist */,
			);
			path = OnetrackTests;
			sourceTree = "<group>";
		};
		A9F0F10A1C97858F00EB492A /* OnetrackUITests */ = {
			isa = PBXGroup;
			children = (
				A9F0F10B1C97858F00EB492A /* OnetrackUITests.m */,
				A9F0F10D1C97858F00EB492A /* Info.plist */,
			);
			path = OnetrackUITests;
			sourceTree = "<group>";
		};
/* End PBXGroup section */

/* Begin PBXNativeTarget section */
		A96FC42D1CA092630045BD43 /* Onetrack Watch */ = {
			isa = PBXNativeTarget;
			buildConfigurationList = A96FC4511CA092630045BD43 /* Build configuration list for PBXNativeTarget "Onetrack Watch" */;
			buildPhases = (
				A96FC42C1CA092630045BD43 /* Resources */,
				A96FC4501CA092630045BD43 /* Embed App Extensions */,
			);
			buildRules = (
			);
			dependencies = (
				A96FC43D1CA092630045BD43 /* PBXTargetDependency */,
			);
			name = "Onetrack Watch";
			productName = "Onetrack Watch";
			productReference = A96FC42E1CA092630045BD43 /* Onetrack Watch.app */;
			productType = "com.apple.product-type.application.watchapp2";
		};
		A96FC4391CA092630045BD43 /* Onetrack Watch Extension */ = {
			isa = PBXNativeTarget;
			buildConfigurationList = A96FC44F1CA092630045BD43 /* Build configuration list for PBXNativeTarget "Onetrack Watch Extension" */;
			buildPhases = (
				A96FC4361CA092630045BD43 /* Sources */,
				A96FC4371CA092630045BD43 /* Frameworks */,
				A96FC4381CA092630045BD43 /* Resources */,
			);
			buildRules = (
			);
			dependencies = (
			);
			name = "Onetrack Watch Extension";
			productName = "Onetrack Watch Extension";
			productReference = A96FC43A1CA092630045BD43 /* Onetrack Watch Extension.appex */;
			productType = "com.apple.product-type.watchkit2-extension";
		};
		A9F0F0E21C97858E00EB492A /* Onetrack */ = {
			isa = PBXNativeTarget;
			buildConfigurationList = A9F0F1101C97858F00EB492A /* Build configuration list for PBXNativeTarget "Onetrack" */;
			buildPhases = (
				A9F0F0DF1C97858E00EB492A /* Sources */,
				A9F0F0E01C97858E00EB492A /* Frameworks */,
				A9F0F0E11C97858E00EB492A /* Resources */,
				A96FC4521CA092630045BD43 /* Embed Watch Content */,
			);
			buildRules = (
			);
			dependencies = (
				A96FC4491CA092630045BD43 /* PBXTargetDependency */,
			);
			name = Onetrack;
			productName = Onetrack;
			productReference = A9F0F0E31C97858E00EB492A /* Onetrack.app */;
			productType = "com.apple.product-type.application";
		};
		A9F0F0FB1C97858F00EB492A /* OnetrackTests */ = {
			isa = PBXNativeTarget;
			buildConfigurationList = A9F0F1131C97858F00EB492A /* Build configuration list for PBXNativeTarget "OnetrackTests" */;
			buildPhases = (
				A9F0F0F81C97858F00EB492A /* Sources */,
				A9F0F0F91C97858F00EB492A /* Frameworks */,
				A9F0F0FA1C97858F00EB492A /* Resources */,
			);
			buildRules = (
			);
			dependencies = (
				A9F0F0FE1C97858F00EB492A /* PBXTargetDependency */,
			);
			name = OnetrackTests;
			productName = OnetrackTests;
			productReference = A9F0F0FC1C97858F00EB492A /* OnetrackTests.xctest */;
			productType = "com.apple.product-type.bundle.unit-test";
		};
		A9F0F1061C97858F00EB492A /* OnetrackUITests */ = {
			isa = PBXNativeTarget;
			buildConfigurationList = A9F0F1161C97858F00EB492A /* Build configuration list for PBXNativeTarget "OnetrackUITests" */;
			buildPhases = (
				A9F0F1031C97858F00EB492A /* Sources */,
				A9F0F1041C97858F00EB492A /* Frameworks */,
				A9F0F1051C97858F00EB492A /* Resources */,
			);
			buildRules = (
			);
			dependencies = (
				A9F0F1091C97858F00EB492A /* PBXTargetDependency */,
			);
			name = OnetrackUITests;
			productName = OnetrackUITests;
			productReference = A9F0F1071C97858F00EB492A /* OnetrackUITests.xctest */;
			productType = "com.apple.product-type.bundle.ui-testing";
		};
/* End PBXNativeTarget section */

/* Begin PBXProject section */
		A9F0F0DB1C97858E00EB492A /* Project object */ = {
			isa = PBXProject;
			attributes = {
				LastUpgradeCheck = 0720;
				ORGANIZATIONNAME = "Andrew Dekker";
				TargetAttributes = {
					A96FC42D1CA092630045BD43 = {
						CreatedOnToolsVersion = 7.2.1;
						DevelopmentTeam = X4J3AMW696;
					};
					A96FC4391CA092630045BD43 = {
						CreatedOnToolsVersion = 7.2.1;
					};
					A9F0F0E21C97858E00EB492A = {
						CreatedOnToolsVersion = 7.2.1;
						DevelopmentTeam = X4J3AMW696;
					};
					A9F0F0FB1C97858F00EB492A = {
						CreatedOnToolsVersion = 7.2.1;
						TestTargetID = A9F0F0E21C97858E00EB492A;
					};
					A9F0F1061C97858F00EB492A = {
						CreatedOnToolsVersion = 7.2.1;
						TestTargetID = A9F0F0E21C97858E00EB492A;
					};
				};
			};
			buildConfigurationList = A9F0F0DE1C97858E00EB492A /* Build configuration list for PBXProject "Onetrack" */;
			compatibilityVersion = "Xcode 3.2";
			developmentRegion = English;
			hasScannedForEncodings = 0;
			knownRegions = (
				en,
				Base,
			);
			mainGroup = A9F0F0DA1C97858E00EB492A;
			productRefGroup = A9F0F0E41C97858E00EB492A /* Products */;
			projectDirPath = "";
			projectRoot = "";
			targets = (
				A9F0F0E21C97858E00EB492A /* Onetrack */,
				A9F0F0FB1C97858F00EB492A /* OnetrackTests */,
				A9F0F1061C97858F00EB492A /* OnetrackUITests */,
				A96FC42D1CA092630045BD43 /* Onetrack Watch */,
				A96FC4391CA092630045BD43 /* Onetrack Watch Extension */,
			);
		};
/* End PBXProject section */

/* Begin PBXResourcesBuildPhase section */
		A96FC42C1CA092630045BD43 /* Resources */ = {
			isa = PBXResourcesBuildPhase;
			buildActionMask = 2147483647;
			files = (
				A96FC4341CA092630045BD43 /* Assets.xcassets in Resources */,
				A96FC4321CA092630045BD43 /* Interface.storyboard in Resources */,
			);
			runOnlyForDeploymentPostprocessing = 0;
		};
		A96FC4381CA092630045BD43 /* Resources */ = {
			isa = PBXResourcesBuildPhase;
			buildActionMask = 2147483647;
			files = (
				A96FC4461CA092630045BD43 /* Assets.xcassets in Resources */,
			);
			runOnlyForDeploymentPostprocessing = 0;
		};
		A9F0F0E11C97858E00EB492A /* Resources */ = {
			isa = PBXResourcesBuildPhase;
			buildActionMask = 2147483647;
			files = (
				A9F0F0F61C97858F00EB492A /* LaunchScreen.storyboard in Resources */,
				A9D455F61C984DF3001CACE3 /* fontawesome-webfont.ttf in Resources */,
				A9F0F0F31C97858F00EB492A /* Assets.xcassets in Resources */,
				A92DD2CB1D699D1200F5C3CC /* MyriadPro-Bold.otf in Resources */,
				A9F0F0F11C97858F00EB492A /* Main.storyboard in Resources */,
			);
			runOnlyForDeploymentPostprocessing = 0;
		};
		A9F0F0FA1C97858F00EB492A /* Resources */ = {
			isa = PBXResourcesBuildPhase;
			buildActionMask = 2147483647;
			files = (
			);
			runOnlyForDeploymentPostprocessing = 0;
		};
		A9F0F1051C97858F00EB492A /* Resources */ = {
			isa = PBXResourcesBuildPhase;
			buildActionMask = 2147483647;
			files = (
			);
			runOnlyForDeploymentPostprocessing = 0;
		};
/* End PBXResourcesBuildPhase section */

/* Begin PBXSourcesBuildPhase section */
		A96FC4361CA092630045BD43 /* Sources */ = {
			isa = PBXSourcesBuildPhase;
			buildActionMask = 2147483647;
			files = (
				A96FC4441CA092630045BD43 /* ExtensionDelegate.m in Sources */,
				A99D8B581CA0A91F009D3372 /* WatchTableCell.m in Sources */,
				A96FC4411CA092630045BD43 /* InterfaceController.m in Sources */,
			);
			runOnlyForDeploymentPostprocessing = 0;
		};
		A9F0F0DF1C97858E00EB492A /* Sources */ = {
			isa = PBXSourcesBuildPhase;
			buildActionMask = 2147483647;
			files = (
				A92501BD1C9DFB3A0031E97E /* JBGradientBarView.m in Sources */,
				A942224F1C9EC71E00197CA1 /* UIImageView+AFNetworking.m in Sources */,
				A94222511C9EC71E00197CA1 /* UIRefreshControl+AFNetworking.m in Sources */,
				A94222441C9EC71E00197CA1 /* AFHTTPSessionManager.m in Sources */,
				A94222451C9EC71E00197CA1 /* AFNetworkReachabilityManager.m in Sources */,
				A94222521C9EC71E00197CA1 /* UIWebView+AFNetworking.m in Sources */,
				A942224B1C9EC71E00197CA1 /* AFImageDownloader.m in Sources */,
				A92501C41C9DFB3A0031E97E /* JBLineChartDotsView.m in Sources */,
				A92501C21C9DFB3A0031E97E /* JBLineChartLine.m in Sources */,
				A942224D1C9EC71E00197CA1 /* UIActivityIndicatorView+AFNetworking.m in Sources */,
				A942224A1C9EC71E00197CA1 /* AFAutoPurgingImageCache.m in Sources */,
				A92501BE1C9DFB3A0031E97E /* JBChartView.m in Sources */,
				A942224C1C9EC71E00197CA1 /* AFNetworkActivityIndicatorManager.m in Sources */,
				A94222501C9EC71E00197CA1 /* UIProgressView+AFNetworking.m in Sources */,
				A92501BC1C9DFB3A0031E97E /* JBBarChartView.m in Sources */,
				A942224E1C9EC71E00197CA1 /* UIButton+AFNetworking.m in Sources */,
				A94222471C9EC71E00197CA1 /* AFURLRequestSerialization.m in Sources */,
				A94222461C9EC71E00197CA1 /* AFSecurityPolicy.m in Sources */,
				A94222491C9EC71E00197CA1 /* AFURLSessionManager.m in Sources */,
				A92501C01C9DFB3A0031E97E /* JBGradientLineLayer.m in Sources */,
				A9D455B81C97E6F1001CACE3 /* DetailViewController.m in Sources */,
				A92501C51C9DFB3A0031E97E /* JBLineChartDotView.m in Sources */,
				A9D455B51C97E6E8001CACE3 /* CreateViewController.m in Sources */,
				A92501BF1C9DFB3A0031E97E /* JBLineChartView.m in Sources */,
				A942225D1C9F513700197CA1 /* LoginViewController.m in Sources */,
				A92501BB1C9DFB3A0031E97E /* NSMutableArray+JBStack.m in Sources */,
				A9F0F11B1C97A30E00EB492A /* MainTableTableViewController.m in Sources */,
				A9F0F0EB1C97858E00EB492A /* AppDelegate.m in Sources */,
				A928CBCD1D759E56001EF68E /* EditViewController.m in Sources */,
				A94221E71C9EBB9400197CA1 /* AppModel.m in Sources */,
				A92501C61C9DFB3A0031E97E /* JBLineChartLinesView.m in Sources */,
				A9F0F0E81C97858E00EB492A /* main.m in Sources */,
				A92501C11C9DFB3A0031E97E /* JBShapeLineLayer.m in Sources */,
				A92501C31C9DFB3A0031E97E /* JBLineChartPoint.m in Sources */,
				A94222481C9EC71E00197CA1 /* AFURLResponseSerialization.m in Sources */,
				A92DD2C91D69992600F5C3CC /* OneTrackTableViewCell.m in Sources */,
			);
			runOnlyForDeploymentPostprocessing = 0;
		};
		A9F0F0F81C97858F00EB492A /* Sources */ = {
			isa = PBXSourcesBuildPhase;
			buildActionMask = 2147483647;
			files = (
				A9F0F1011C97858F00EB492A /* OnetrackTests.m in Sources */,
			);
			runOnlyForDeploymentPostprocessing = 0;
		};
		A9F0F1031C97858F00EB492A /* Sources */ = {
			isa = PBXSourcesBuildPhase;
			buildActionMask = 2147483647;
			files = (
				A9F0F10C1C97858F00EB492A /* OnetrackUITests.m in Sources */,
			);
			runOnlyForDeploymentPostprocessing = 0;
		};
/* End PBXSourcesBuildPhase section */

/* Begin PBXTargetDependency section */
		A96FC43D1CA092630045BD43 /* PBXTargetDependency */ = {
			isa = PBXTargetDependency;
			target = A96FC4391CA092630045BD43 /* Onetrack Watch Extension */;
			targetProxy = A96FC43C1CA092630045BD43 /* PBXContainerItemProxy */;
		};
		A96FC4491CA092630045BD43 /* PBXTargetDependency */ = {
			isa = PBXTargetDependency;
			target = A96FC42D1CA092630045BD43 /* Onetrack Watch */;
			targetProxy = A96FC4481CA092630045BD43 /* PBXContainerItemProxy */;
		};
		A9F0F0FE1C97858F00EB492A /* PBXTargetDependency */ = {
			isa = PBXTargetDependency;
			target = A9F0F0E21C97858E00EB492A /* Onetrack */;
			targetProxy = A9F0F0FD1C97858F00EB492A /* PBXContainerItemProxy */;
		};
		A9F0F1091C97858F00EB492A /* PBXTargetDependency */ = {
			isa = PBXTargetDependency;
			target = A9F0F0E21C97858E00EB492A /* Onetrack */;
			targetProxy = A9F0F1081C97858F00EB492A /* PBXContainerItemProxy */;
		};
/* End PBXTargetDependency section */

/* Begin PBXVariantGroup section */
		A96FC4301CA092630045BD43 /* Interface.storyboard */ = {
			isa = PBXVariantGroup;
			children = (
				A96FC4311CA092630045BD43 /* Base */,
			);
			name = Interface.storyboard;
			sourceTree = "<group>";
		};
		A9F0F0EF1C97858F00EB492A /* Main.storyboard */ = {
			isa = PBXVariantGroup;
			children = (
				A9F0F0F01C97858F00EB492A /* Base */,
			);
			name = Main.storyboard;
			sourceTree = "<group>";
		};
		A9F0F0F41C97858F00EB492A /* LaunchScreen.storyboard */ = {
			isa = PBXVariantGroup;
			children = (
				A9F0F0F51C97858F00EB492A /* Base */,
			);
			name = LaunchScreen.storyboard;
			sourceTree = "<group>";
		};
/* End PBXVariantGroup section */

/* Begin XCBuildConfiguration section */
		A96FC44B1CA092630045BD43 /* Debug */ = {
			isa = XCBuildConfiguration;
			buildSettings = {
				ASSETCATALOG_COMPILER_APPICON_NAME = AppIcon;
				CODE_SIGN_IDENTITY = "iPhone Developer";
				"CODE_SIGN_IDENTITY[sdk=iphoneos*]" = "iPhone Developer";
				IBSC_MODULE = Onetrack_Watch_Extension;
				INFOPLIST_FILE = "Onetrack Watch/Info.plist";
				PRODUCT_BUNDLE_IDENTIFIER = net.simultech.Onetrack.watchkitapp;
				PRODUCT_NAME = "$(TARGET_NAME)";
				SDKROOT = watchos;
				SKIP_INSTALL = YES;
				TARGETED_DEVICE_FAMILY = 4;
				WATCHOS_DEPLOYMENT_TARGET = 2.1;
			};
			name = Debug;
		};
		A96FC44C1CA092630045BD43 /* Release */ = {
			isa = XCBuildConfiguration;
			buildSettings = {
				ASSETCATALOG_COMPILER_APPICON_NAME = AppIcon;
				CODE_SIGN_IDENTITY = "iPhone Developer";
				"CODE_SIGN_IDENTITY[sdk=iphoneos*]" = "iPhone Developer";
				IBSC_MODULE = Onetrack_Watch_Extension;
				INFOPLIST_FILE = "Onetrack Watch/Info.plist";
				PRODUCT_BUNDLE_IDENTIFIER = net.simultech.Onetrack.watchkitapp;
				PRODUCT_NAME = "$(TARGET_NAME)";
				SDKROOT = watchos;
				SKIP_INSTALL = YES;
				TARGETED_DEVICE_FAMILY = 4;
				WATCHOS_DEPLOYMENT_TARGET = 2.1;
			};
			name = Release;
		};
		A96FC44D1CA092630045BD43 /* Debug */ = {
			isa = XCBuildConfiguration;
			buildSettings = {
				INFOPLIST_FILE = "Onetrack Watch Extension/Info.plist";
				LD_RUNPATH_SEARCH_PATHS = "$(inherited) @executable_path/Frameworks @executable_path/../../Frameworks";
				PRODUCT_BUNDLE_IDENTIFIER = net.simultech.Onetrack.watchkitapp.watchkitextension;
				PRODUCT_NAME = "${TARGET_NAME}";
				SDKROOT = watchos;
				SKIP_INSTALL = YES;
				TARGETED_DEVICE_FAMILY = 4;
				WATCHOS_DEPLOYMENT_TARGET = 2.1;
			};
			name = Debug;
		};
		A96FC44E1CA092630045BD43 /* Release */ = {
			isa = XCBuildConfiguration;
			buildSettings = {
				INFOPLIST_FILE = "Onetrack Watch Extension/Info.plist";
				LD_RUNPATH_SEARCH_PATHS = "$(inherited) @executable_path/Frameworks @executable_path/../../Frameworks";
				PRODUCT_BUNDLE_IDENTIFIER = net.simultech.Onetrack.watchkitapp.watchkitextension;
				PRODUCT_NAME = "${TARGET_NAME}";
				SDKROOT = watchos;
				SKIP_INSTALL = YES;
				TARGETED_DEVICE_FAMILY = 4;
				WATCHOS_DEPLOYMENT_TARGET = 2.1;
			};
			name = Release;
		};
		A9F0F10E1C97858F00EB492A /* Debug */ = {
			isa = XCBuildConfiguration;
			buildSettings = {
				ALWAYS_SEARCH_USER_PATHS = NO;
				CLANG_CXX_LANGUAGE_STANDARD = "gnu++0x";
				CLANG_CXX_LIBRARY = "libc++";
				CLANG_ENABLE_MODULES = YES;
				CLANG_ENABLE_OBJC_ARC = YES;
				CLANG_WARN_BOOL_CONVERSION = YES;
				CLANG_WARN_CONSTANT_CONVERSION = YES;
				CLANG_WARN_DIRECT_OBJC_ISA_USAGE = YES_ERROR;
				CLANG_WARN_EMPTY_BODY = YES;
				CLANG_WARN_ENUM_CONVERSION = YES;
				CLANG_WARN_INT_CONVERSION = YES;
				CLANG_WARN_OBJC_ROOT_CLASS = YES_ERROR;
				CLANG_WARN_UNREACHABLE_CODE = YES;
				CLANG_WARN__DUPLICATE_METHOD_MATCH = YES;
				"CODE_SIGN_IDENTITY[sdk=iphoneos*]" = "iPhone Developer";
				COPY_PHASE_STRIP = NO;
				DEBUG_INFORMATION_FORMAT = dwarf;
				ENABLE_STRICT_OBJC_MSGSEND = YES;
				ENABLE_TESTABILITY = YES;
				GCC_C_LANGUAGE_STANDARD = gnu99;
				GCC_DYNAMIC_NO_PIC = NO;
				GCC_NO_COMMON_BLOCKS = YES;
				GCC_OPTIMIZATION_LEVEL = 0;
				GCC_PREPROCESSOR_DEFINITIONS = (
					"DEBUG=1",
					"$(inherited)",
				);
				GCC_WARN_64_TO_32_BIT_CONVERSION = YES;
				GCC_WARN_ABOUT_RETURN_TYPE = YES_ERROR;
				GCC_WARN_UNDECLARED_SELECTOR = YES;
				GCC_WARN_UNINITIALIZED_AUTOS = YES_AGGRESSIVE;
				GCC_WARN_UNUSED_FUNCTION = YES;
				GCC_WARN_UNUSED_VARIABLE = YES;
				IPHONEOS_DEPLOYMENT_TARGET = 9.2;
				MTL_ENABLE_DEBUG_INFO = YES;
				ONLY_ACTIVE_ARCH = YES;
				SDKROOT = iphoneos;
				TARGETED_DEVICE_FAMILY = "1,2";
			};
			name = Debug;
		};
		A9F0F10F1C97858F00EB492A /* Release */ = {
			isa = XCBuildConfiguration;
			buildSettings = {
				ALWAYS_SEARCH_USER_PATHS = NO;
				CLANG_CXX_LANGUAGE_STANDARD = "gnu++0x";
				CLANG_CXX_LIBRARY = "libc++";
				CLANG_ENABLE_MODULES = YES;
				CLANG_ENABLE_OBJC_ARC = YES;
				CLANG_WARN_BOOL_CONVERSION = YES;
				CLANG_WARN_CONSTANT_CONVERSION = YES;
				CLANG_WARN_DIRECT_OBJC_ISA_USAGE = YES_ERROR;
				CLANG_WARN_EMPTY_BODY = YES;
				CLANG_WARN_ENUM_CONVERSION = YES;
				CLANG_WARN_INT_CONVERSION = YES;
				CLANG_WARN_OBJC_ROOT_CLASS = YES_ERROR;
				CLANG_WARN_UNREACHABLE_CODE = YES;
				CLANG_WARN__DUPLICATE_METHOD_MATCH = YES;
				"CODE_SIGN_IDENTITY[sdk=iphoneos*]" = "iPhone Developer";
				COPY_PHASE_STRIP = NO;
				DEBUG_INFORMATION_FORMAT = "dwarf-with-dsym";
				ENABLE_NS_ASSERTIONS = NO;
				ENABLE_STRICT_OBJC_MSGSEND = YES;
				GCC_C_LANGUAGE_STANDARD = gnu99;
				GCC_NO_COMMON_BLOCKS = YES;
				GCC_WARN_64_TO_32_BIT_CONVERSION = YES;
				GCC_WARN_ABOUT_RETURN_TYPE = YES_ERROR;
				GCC_WARN_UNDECLARED_SELECTOR = YES;
				GCC_WARN_UNINITIALIZED_AUTOS = YES_AGGRESSIVE;
				GCC_WARN_UNUSED_FUNCTION = YES;
				GCC_WARN_UNUSED_VARIABLE = YES;
				IPHONEOS_DEPLOYMENT_TARGET = 9.2;
				MTL_ENABLE_DEBUG_INFO = NO;
				SDKROOT = iphoneos;
				TARGETED_DEVICE_FAMILY = "1,2";
				VALIDATE_PRODUCT = YES;
			};
			name = Release;
		};
		A9F0F1111C97858F00EB492A /* Debug */ = {
			isa = XCBuildConfiguration;
			buildSettings = {
				ASSETCATALOG_COMPILER_APPICON_NAME = AppIcon;
				CODE_SIGN_IDENTITY = "iPhone Developer";
				"CODE_SIGN_IDENTITY[sdk=iphoneos*]" = "iPhone Developer";
				FRAMEWORK_SEARCH_PATHS = (
					"$(inherited)",
					"$(PROJECT_DIR)",
				);
				INFOPLIST_FILE = Onetrack/Info.plist;
				LD_RUNPATH_SEARCH_PATHS = "$(inherited) @executable_path/Frameworks";
				PRODUCT_BUNDLE_IDENTIFIER = net.simultech.Onetrack;
				PRODUCT_NAME = "$(TARGET_NAME)";
				PROVISIONING_PROFILE = "";
			};
			name = Debug;
		};
		A9F0F1121C97858F00EB492A /* Release */ = {
			isa = XCBuildConfiguration;
			buildSettings = {
				ASSETCATALOG_COMPILER_APPICON_NAME = AppIcon;
				CODE_SIGN_IDENTITY = "iPhone Developer";
				"CODE_SIGN_IDENTITY[sdk=iphoneos*]" = "iPhone Developer";
				FRAMEWORK_SEARCH_PATHS = (
					"$(inherited)",
					"$(PROJECT_DIR)",
				);
				INFOPLIST_FILE = Onetrack/Info.plist;
				LD_RUNPATH_SEARCH_PATHS = "$(inherited) @executable_path/Frameworks";
				PRODUCT_BUNDLE_IDENTIFIER = net.simultech.Onetrack;
				PRODUCT_NAME = "$(TARGET_NAME)";
				PROVISIONING_PROFILE = "";
			};
			name = Release;
		};
		A9F0F1141C97858F00EB492A /* Debug */ = {
			isa = XCBuildConfiguration;
			buildSettings = {
				BUNDLE_LOADER = "$(TEST_HOST)";
				INFOPLIST_FILE = OnetrackTests/Info.plist;
				LD_RUNPATH_SEARCH_PATHS = "$(inherited) @executable_path/Frameworks @loader_path/Frameworks";
				PRODUCT_BUNDLE_IDENTIFIER = net.simultech.OnetrackTests;
				PRODUCT_NAME = "$(TARGET_NAME)";
				TEST_HOST = "$(BUILT_PRODUCTS_DIR)/Onetrack.app/Onetrack";
			};
			name = Debug;
		};
		A9F0F1151C97858F00EB492A /* Release */ = {
			isa = XCBuildConfiguration;
			buildSettings = {
				BUNDLE_LOADER = "$(TEST_HOST)";
				INFOPLIST_FILE = OnetrackTests/Info.plist;
				LD_RUNPATH_SEARCH_PATHS = "$(inherited) @executable_path/Frameworks @loader_path/Frameworks";
				PRODUCT_BUNDLE_IDENTIFIER = net.simultech.OnetrackTests;
				PRODUCT_NAME = "$(TARGET_NAME)";
				TEST_HOST = "$(BUILT_PRODUCTS_DIR)/Onetrack.app/Onetrack";
			};
			name = Release;
		};
		A9F0F1171C97858F00EB492A /* Debug */ = {
			isa = XCBuildConfiguration;
			buildSettings = {
				INFOPLIST_FILE = OnetrackUITests/Info.plist;
				LD_RUNPATH_SEARCH_PATHS = "$(inherited) @executable_path/Frameworks @loader_path/Frameworks";
				PRODUCT_BUNDLE_IDENTIFIER = net.simultech.OnetrackUITests;
				PRODUCT_NAME = "$(TARGET_NAME)";
				TEST_TARGET_NAME = Onetrack;
				USES_XCTRUNNER = YES;
			};
			name = Debug;
		};
		A9F0F1181C97858F00EB492A /* Release */ = {
			isa = XCBuildConfiguration;
			buildSettings = {
				INFOPLIST_FILE = OnetrackUITests/Info.plist;
				LD_RUNPATH_SEARCH_PATHS = "$(inherited) @executable_path/Frameworks @loader_path/Frameworks";
				PRODUCT_BUNDLE_IDENTIFIER = net.simultech.OnetrackUITests;
				PRODUCT_NAME = "$(TARGET_NAME)";
				TEST_TARGET_NAME = Onetrack;
				USES_XCTRUNNER = YES;
			};
			name = Release;
		};
/* End XCBuildConfiguration section */

/* Begin XCConfigurationList section */
		A96FC44F1CA092630045BD43 /* Build configuration list for PBXNativeTarget "Onetrack Watch Extension" */ = {
			isa = XCConfigurationList;
			buildConfigurations = (
				A96FC44D1CA092630045BD43 /* Debug */,
				A96FC44E1CA092630045BD43 /* Release */,
			);
			defaultConfigurationIsVisible = 0;
			defaultConfigurationName = Release;
		};
		A96FC4511CA092630045BD43 /* Build configuration list for PBXNativeTarget "Onetrack Watch" */ = {
			isa = XCConfigurationList;
			buildConfigurations = (
				A96FC44B1CA092630045BD43 /* Debug */,
				A96FC44C1CA092630045BD43 /* Release */,
			);
			defaultConfigurationIsVisible = 0;
			defaultConfigurationName = Release;
		};
		A9F0F0DE1C97858E00EB492A /* Build configuration list for PBXProject "Onetrack" */ = {
			isa = XCConfigurationList;
			buildConfigurations = (
				A9F0F10E1C97858F00EB492A /* Debug */,
				A9F0F10F1C97858F00EB492A /* Release */,
			);
			defaultConfigurationIsVisible = 0;
			defaultConfigurationName = Release;
		};
		A9F0F1101C97858F00EB492A /* Build configuration list for PBXNativeTarget "Onetrack" */ = {
			isa = XCConfigurationList;
			buildConfigurations = (
				A9F0F1111C97858F00EB492A /* Debug */,
				A9F0F1121C97858F00EB492A /* Release */,
			);
			defaultConfigurationIsVisible = 0;
			defaultConfigurationName = Release;
		};
		A9F0F1131C97858F00EB492A /* Build configuration list for PBXNativeTarget "OnetrackTests" */ = {
			isa = XCConfigurationList;
			buildConfigurations = (
				A9F0F1141C97858F00EB492A /* Debug */,
				A9F0F1151C97858F00EB492A /* Release */,
			);
			defaultConfigurationIsVisible = 0;
			defaultConfigurationName = Release;
		};
		A9F0F1161C97858F00EB492A /* Build configuration list for PBXNativeTarget "OnetrackUITests" */ = {
			isa = XCConfigurationList;
			buildConfigurations = (
				A9F0F1171C97858F00EB492A /* Debug */,
				A9F0F1181C97858F00EB492A /* Release */,
			);
			defaultConfigurationIsVisible = 0;
			defaultConfigurationName = Release;
		};
/* End XCConfigurationList section */
	};
	rootObject = A9F0F0DB1C97858E00EB492A /* Project object */;
}
